PODS:
  - AFNetworking (2.2.1):
    - AFNetworking/NSURLConnection
    - AFNetworking/NSURLSession
    - AFNetworking/Reachability
    - AFNetworking/Security
    - AFNetworking/Serialization
    - AFNetworking/UIKit
  - AFNetworking/NSURLConnection (2.2.1):
    - AFNetworking/Reachability
    - AFNetworking/Security
    - AFNetworking/Serialization
  - AFNetworking/NSURLSession (2.2.1):
    - AFNetworking/NSURLConnection
  - AFNetworking/Reachability (2.2.1)
  - AFNetworking/Security (2.2.1)
  - AFNetworking/Serialization (2.2.1)
  - AFNetworking/UIKit (2.2.1):
    - AFNetworking/NSURLConnection
    - AFNetworking/NSURLSession
  - AFPopupView (1.0)
  - FMDB (2.3):
    - FMDB/standard
  - FMDB/common (2.3)
  - FMDB/standard (2.3):
    - FMDB/common
  - JSQMessagesViewController (5.0.0):
    - JSQSystemSoundPlayer
  - JSQSystemSoundPlayer (1.5.2)
  - LKDBHelper (1.4):
    - FMDB
  - SRMonthPicker (0.2.9)

DEPENDENCIES:
  - AFNetworking (~> 2.0)
  - AFPopupView (~> 1.0)
  - JSQMessagesViewController
  - LKDBHelper (from `https://github.com/li6185377/LKDBHelper-SQLite-ORM.git`)
  - SRMonthPicker

EXTERNAL SOURCES:
  LKDBHelper:
    :git: https://github.com/li6185377/LKDBHelper-SQLite-ORM.git

SPEC CHECKSUMS:
  AFNetworking: 8dde8c8a6597ad95dac332a593c27e541bc87371
  AFPopupView: a637995cd7975bc2dca692cb5c3dc5c9eefc555b
  FMDB: 31ec26773c7f7b7890a6038235a1f2bbd933a7cb
  JSQMessagesViewController: 833cfacdd1e883b7f117d3a1b465085e9ae1ed8f
  JSQSystemSoundPlayer: c24914bc96ff5365b5d28b59d7ecffd60d1c5587
  LKDBHelper: ab1741c564f6ac6ff1bd9ef4bd32a14850a25dc4
  SRMonthPicker: e4a787ad4c41b605743482631189d97e25867c36

COCOAPODS: 0.32.1
