// !$*UTF8*$!
{
	archiveVersion = 1;
	classes = {
	};
	objectVersion = 46;
	objects = {

/* Begin PBXBuildFile section */
		0CB24654A3894C74B50B7DFF /* libPods.a in Frameworks */ = {isa = PBXBuildFile; fileRef = 5C83D077ED634B6A9726A5B2 /* libPods.a */; };
		900E28E719292C55008BF61C /* WeUser.m in Sources */ = {isa = PBXBuildFile; fileRef = 900E28E019292C55008BF61C /* WeUser.m */; };
		900E28E819292C55008BF61C /* WeDoctor.m in Sources */ = {isa = PBXBuildFile; fileRef = 900E28E219292C55008BF61C /* WeDoctor.m */; };
		900E28E919292C55008BF61C /* WeFavorDoctor.m in Sources */ = {isa = PBXBuildFile; fileRef = 900E28E419292C55008BF61C /* WeFavorDoctor.m */; };
		900E28EA19292C55008BF61C /* WeMessage.m in Sources */ = {isa = PBXBuildFile; fileRef = 900E28E619292C55008BF61C /* WeMessage.m */; };
		900E28ED19294070008BF61C /* WePatient.m in Sources */ = {isa = PBXBuildFile; fileRef = 900E28EC19294070008BF61C /* WePatient.m */; };
		900E28F0192940E6008BF61C /* WeFavorPatient.m in Sources */ = {isa = PBXBuildFile; fileRef = 900E28EF192940E6008BF61C /* WeFavorPatient.m */; };
		900E292E1929AFBB008BF61C /* amrFileCodec.mm in Sources */ = {isa = PBXBuildFile; fileRef = 900E29201929AFBB008BF61C /* amrFileCodec.mm */; };
		900E292F1929AFBB008BF61C /* wav.mm in Sources */ = {isa = PBXBuildFile; fileRef = 900E29221929AFBB008BF61C /* wav.mm */; };
		900E29301929AFBB008BF61C /* libopencore-amrnb.a in Frameworks */ = {isa = PBXBuildFile; fileRef = 900E29241929AFBB008BF61C /* libopencore-amrnb.a */; };
		900E29311929AFBB008BF61C /* libopencore-amrwb.a in Frameworks */ = {isa = PBXBuildFile; fileRef = 900E29251929AFBB008BF61C /* libopencore-amrwb.a */; };
		900E29321929AFBB008BF61C /* VoiceConverter.mm in Sources */ = {isa = PBXBuildFile; fileRef = 900E292D1929AFBB008BF61C /* VoiceConverter.mm */; };
		9026EDEC1903EE9400CE4A7A /* WePecWkpAddViewController.m in Sources */ = {isa = PBXBuildFile; fileRef = 9026EDEB1903EE9400CE4A7A /* WePecWkpAddViewController.m */; };
		9026EDEF1903EEAD00CE4A7A /* WePecWkpModViewController.m in Sources */ = {isa = PBXBuildFile; fileRef = 9026EDEE1903EEAD00CE4A7A /* WePecWkpModViewController.m */; };
		9026EDF21903EEC800CE4A7A /* WePecWkpAddNavController.m in Sources */ = {isa = PBXBuildFile; fileRef = 9026EDF11903EEC800CE4A7A /* WePecWkpAddNavController.m */; };
		9026EDF51904051600CE4A7A /* WeSelDayViewController.m in Sources */ = {isa = PBXBuildFile; fileRef = 9026EDF41904051600CE4A7A /* WeSelDayViewController.m */; };
		9026EDF81904052D00CE4A7A /* WeSelPerViewController.m in Sources */ = {isa = PBXBuildFile; fileRef = 9026EDF71904052D00CE4A7A /* WeSelPerViewController.m */; };
		9026EDFB1904053C00CE4A7A /* WeSelTypViewController.m in Sources */ = {isa = PBXBuildFile; fileRef = 9026EDFA1904053C00CE4A7A /* WeSelTypViewController.m */; };
		9026EDFF19044B9000CE4A7A /* WePecPeaViewController.m in Sources */ = {isa = PBXBuildFile; fileRef = 9026EDFE19044B9000CE4A7A /* WePecPeaViewController.m */; };
		9026EE021904536300CE4A7A /* WeSelGenViewController.m in Sources */ = {isa = PBXBuildFile; fileRef = 9026EE011904536300CE4A7A /* WeSelGenViewController.m */; };
		9026EE0519049E5700CE4A7A /* WePecCaiGriViewController.m in Sources */ = {isa = PBXBuildFile; fileRef = 9026EE0419049E5700CE4A7A /* WePecCaiGriViewController.m */; };
		9026EE0819049E7400CE4A7A /* WePecCaiWkpViewController.m in Sources */ = {isa = PBXBuildFile; fileRef = 9026EE0719049E7400CE4A7A /* WePecCaiWkpViewController.m */; };
		9026EE0B1904A60700CE4A7A /* VPImageCropperViewController.m in Sources */ = {isa = PBXBuildFile; fileRef = 9026EE0A1904A60700CE4A7A /* VPImageCropperViewController.m */; };
		9026EFAF1912E3BA00CE4A7A /* WeSelHosViewController.m in Sources */ = {isa = PBXBuildFile; fileRef = 9026EFAE1912E3BA00CE4A7A /* WeSelHosViewController.m */; };
		9026EFB219143BA500CE4A7A /* WeSelSecViewController.m in Sources */ = {isa = PBXBuildFile; fileRef = 9026EFB119143BA500CE4A7A /* WeSelSecViewController.m */; };
		9026EFB5191447FB00CE4A7A /* WeSelTilViewController.m in Sources */ = {isa = PBXBuildFile; fileRef = 9026EFB4191447FB00CE4A7A /* WeSelTilViewController.m */; };
		9026EFB9191471C400CE4A7A /* PAImageView.m in Sources */ = {isa = PBXBuildFile; fileRef = 9026EFB8191471C400CE4A7A /* PAImageView.m */; };
		9026EFBC191473D900CE4A7A /* WeInpNamViewController.m in Sources */ = {isa = PBXBuildFile; fileRef = 9026EFBB191473D900CE4A7A /* WeInpNamViewController.m */; };
		9026EFBF1914AC1900CE4A7A /* WeInpSkiViewController.m in Sources */ = {isa = PBXBuildFile; fileRef = 9026EFBE1914AC1900CE4A7A /* WeInpSkiViewController.m */; };
		9026EFC21914AC2C00CE4A7A /* WeSelDegViewController.m in Sources */ = {isa = PBXBuildFile; fileRef = 9026EFC11914AC2C00CE4A7A /* WeSelDegViewController.m */; };
		9026EFC51914AC3E00CE4A7A /* WeInpEmaViewController.m in Sources */ = {isa = PBXBuildFile; fileRef = 9026EFC41914AC3E00CE4A7A /* WeInpEmaViewController.m */; };
		904F7A3318F0F146000CB41B /* Foundation.framework in Frameworks */ = {isa = PBXBuildFile; fileRef = 904F7A3218F0F146000CB41B /* Foundation.framework */; };
		904F7A3518F0F146000CB41B /* CoreGraphics.framework in Frameworks */ = {isa = PBXBuildFile; fileRef = 904F7A3418F0F146000CB41B /* CoreGraphics.framework */; };
		904F7A3718F0F146000CB41B /* UIKit.framework in Frameworks */ = {isa = PBXBuildFile; fileRef = 904F7A3618F0F146000CB41B /* UIKit.framework */; };
		904F7A3D18F0F146000CB41B /* InfoPlist.strings in Resources */ = {isa = PBXBuildFile; fileRef = 904F7A3B18F0F146000CB41B /* InfoPlist.strings */; };
		904F7A3F18F0F146000CB41B /* main.m in Sources */ = {isa = PBXBuildFile; fileRef = 904F7A3E18F0F146000CB41B /* main.m */; };
		904F7A4318F0F146000CB41B /* WeAppDelegate.m in Sources */ = {isa = PBXBuildFile; fileRef = 904F7A4218F0F146000CB41B /* WeAppDelegate.m */; };
		904F7A4618F0F146000CB41B /* Main.storyboard in Resources */ = {isa = PBXBuildFile; fileRef = 904F7A4418F0F146000CB41B /* Main.storyboard */; };
		904F7A4B18F0F146000CB41B /* Images.xcassets in Resources */ = {isa = PBXBuildFile; fileRef = 904F7A4A18F0F146000CB41B /* Images.xcassets */; };
		904F7A5218F0F146000CB41B /* XCTest.framework in Frameworks */ = {isa = PBXBuildFile; fileRef = 904F7A5118F0F146000CB41B /* XCTest.framework */; };
		904F7A5318F0F146000CB41B /* Foundation.framework in Frameworks */ = {isa = PBXBuildFile; fileRef = 904F7A3218F0F146000CB41B /* Foundation.framework */; };
		904F7A5418F0F146000CB41B /* UIKit.framework in Frameworks */ = {isa = PBXBuildFile; fileRef = 904F7A3618F0F146000CB41B /* UIKit.framework */; };
		904F7A5C18F0F146000CB41B /* InfoPlist.strings in Resources */ = {isa = PBXBuildFile; fileRef = 904F7A5A18F0F146000CB41B /* InfoPlist.strings */; };
		904F7A5E18F0F146000CB41B /* We_DocTests.m in Sources */ = {isa = PBXBuildFile; fileRef = 904F7A5D18F0F146000CB41B /* We_DocTests.m */; };
		9054807D18FA6A2900CE8172 /* WePecIdxViewController.m in Sources */ = {isa = PBXBuildFile; fileRef = 9054807C18FA6A2900CE8172 /* WePecIdxViewController.m */; };
		9054808018FA6A5A00CE8172 /* WePecNavViewController.m in Sources */ = {isa = PBXBuildFile; fileRef = 9054807F18FA6A5A00CE8172 /* WePecNavViewController.m */; };
		9054808918FAC28700CE8172 /* WePecCaiViewController.m in Sources */ = {isa = PBXBuildFile; fileRef = 9054808818FAC28700CE8172 /* WePecCaiViewController.m */; };
		906F4D93197376CC007807FE /* WeCsrIdxViewController.m in Sources */ = {isa = PBXBuildFile; fileRef = 906F4D90197376CC007807FE /* WeCsrIdxViewController.m */; };
		906F4D94197376CC007807FE /* WeCsrCtrViewController.m in Sources */ = {isa = PBXBuildFile; fileRef = 906F4D92197376CC007807FE /* WeCsrCtrViewController.m */; };
		906F4D9719738AB2007807FE /* WeConsultDetailViewController.m in Sources */ = {isa = PBXBuildFile; fileRef = 906F4D9619738AB2007807FE /* WeConsultDetailViewController.m */; };
		906F4D9C19738D20007807FE /* WeConsult.m in Sources */ = {isa = PBXBuildFile; fileRef = 906F4D9B19738D20007807FE /* WeConsult.m */; };
		906F4DE11973F194007807FE /* WeOrder.m in Sources */ = {isa = PBXBuildFile; fileRef = 906F4DE01973F194007807FE /* WeOrder.m */; };
		907D5B1D191EB9630006EAE0 /* libsqlite3.0.dylib in Frameworks */ = {isa = PBXBuildFile; fileRef = 907D5B1C191EB9630006EAE0 /* libsqlite3.0.dylib */; };
		907D5B1F191F60900006EAE0 /* CoreData.framework in Frameworks */ = {isa = PBXBuildFile; fileRef = 907D5B1E191F60900006EAE0 /* CoreData.framework */; };
		907FE5A219023E7D0070DB3E /* WePecNotViewController.m in Sources */ = {isa = PBXBuildFile; fileRef = 907FE5A119023E7D0070DB3E /* WePecNotViewController.m */; };
		907FE5A6190252580070DB3E /* WePecBusViewController.m in Sources */ = {isa = PBXBuildFile; fileRef = 907FE5A5190252580070DB3E /* WePecBusViewController.m */; };
		909E3C631901661400ADC2E9 /* WePecCtfViewController.m in Sources */ = {isa = PBXBuildFile; fileRef = 909E3C621901661400ADC2E9 /* WePecCtfViewController.m */; };
		909E3C661901662F00ADC2E9 /* WePecVctfViewController.m in Sources */ = {isa = PBXBuildFile; fileRef = 909E3C651901662F00ADC2E9 /* WePecVctfViewController.m */; };
		909E3C691901A89900ADC2E9 /* WePecExpViewController.m in Sources */ = {isa = PBXBuildFile; fileRef = 909E3C681901A89900ADC2E9 /* WePecExpViewController.m */; };
		909E3C711901B05E00ADC2E9 /* WePecExpAddViewController.m in Sources */ = {isa = PBXBuildFile; fileRef = 909E3C701901B05E00ADC2E9 /* WePecExpAddViewController.m */; };
		909E3C781901B0B800ADC2E9 /* WePecExpModViewController.m in Sources */ = {isa = PBXBuildFile; fileRef = 909E3C771901B0B800ADC2E9 /* WePecExpModViewController.m */; };
		909E3C7B1901B43B00ADC2E9 /* WePecExpAddNavController.m in Sources */ = {isa = PBXBuildFile; fileRef = 909E3C7A1901B43B00ADC2E9 /* WePecExpAddNavController.m */; };
		90B4AC3C196D1CF4006E60CE /* WeFunIdxViewController.m in Sources */ = {isa = PBXBuildFile; fileRef = 90B4AC33196D1CF4006E60CE /* WeFunIdxViewController.m */; };
		90B4AC3D196D1CF4006E60CE /* WeFunDetViewController.m in Sources */ = {isa = PBXBuildFile; fileRef = 90B4AC35196D1CF4006E60CE /* WeFunDetViewController.m */; };
		90B4AC3E196D1CF4006E60CE /* WeFunDesViewController.m in Sources */ = {isa = PBXBuildFile; fileRef = 90B4AC37196D1CF4006E60CE /* WeFunDesViewController.m */; };
		90B4AC3F196D1CF4006E60CE /* WeFunSupViewController.m in Sources */ = {isa = PBXBuildFile; fileRef = 90B4AC39196D1CF4006E60CE /* WeFunSupViewController.m */; };
		90B4AC48196D1D39006E60CE /* WeFunding.m in Sources */ = {isa = PBXBuildFile; fileRef = 90B4AC43196D1D39006E60CE /* WeFunding.m */; };
		90B4AC49196D1D39006E60CE /* WeFundingLevel.m in Sources */ = {isa = PBXBuildFile; fileRef = 90B4AC45196D1D39006E60CE /* WeFundingLevel.m */; };
		90B4AC4A196D1D39006E60CE /* WeFundingSupport.m in Sources */ = {isa = PBXBuildFile; fileRef = 90B4AC47196D1D39006E60CE /* WeFundingSupport.m */; };
		90B4AC63196D1D6A006E60CE /* WeTableViewCell.m in Sources */ = {isa = PBXBuildFile; fileRef = 90B4AC4C196D1D6A006E60CE /* WeTableViewCell.m */; };
		90B4AC64196D1D6A006E60CE /* WeSPViewController.m in Sources */ = {isa = PBXBuildFile; fileRef = 90B4AC4E196D1D6A006E60CE /* WeSPViewController.m */; };
		90B4AC65196D1D6A006E60CE /* WeViewController.m in Sources */ = {isa = PBXBuildFile; fileRef = 90B4AC50196D1D6A006E60CE /* WeViewController.m */; };
		90B4AC66196D1D6A006E60CE /* WeNavViewController.m in Sources */ = {isa = PBXBuildFile; fileRef = 90B4AC52196D1D6A006E60CE /* WeNavViewController.m */; };
		90B4AC67196D1D6A006E60CE /* WeTabBarViewController.m in Sources */ = {isa = PBXBuildFile; fileRef = 90B4AC54196D1D6A006E60CE /* WeTabBarViewController.m */; };
		90B4AC68196D1D6A006E60CE /* WeToolButton.m in Sources */ = {isa = PBXBuildFile; fileRef = 90B4AC56196D1D6A006E60CE /* WeToolButton.m */; };
		90B4AC69196D1D6A006E60CE /* WeImageButton.m in Sources */ = {isa = PBXBuildFile; fileRef = 90B4AC58196D1D6A006E60CE /* WeImageButton.m */; };
		90B4AC6A196D1D6A006E60CE /* WeInfoedButton.m in Sources */ = {isa = PBXBuildFile; fileRef = 90B4AC5A196D1D6A006E60CE /* WeInfoedButton.m */; };
		90B4AC6B196D1D6A006E60CE /* WeInfoedTextField.m in Sources */ = {isa = PBXBuildFile; fileRef = 90B4AC5C196D1D6A006E60CE /* WeInfoedTextField.m */; };
		90B4AC6C196D1D6A006E60CE /* WeImageViewerViewController.m in Sources */ = {isa = PBXBuildFile; fileRef = 90B4AC5E196D1D6A006E60CE /* WeImageViewerViewController.m */; };
		90B4AC6D196D1D6A006E60CE /* WeSentenceModifyViewController.m in Sources */ = {isa = PBXBuildFile; fileRef = 90B4AC60196D1D6A006E60CE /* WeSentenceModifyViewController.m */; };
		90B4AC6E196D1D6A006E60CE /* WeParagraphModifyViewController.m in Sources */ = {isa = PBXBuildFile; fileRef = 90B4AC62196D1D6A006E60CE /* WeParagraphModifyViewController.m */; };
		90B4AC77196D1DA0006E60CE /* WeRegWlcViewController.m in Sources */ = {isa = PBXBuildFile; fileRef = 90B4AC70196D1DA0006E60CE /* WeRegWlcViewController.m */; };
		90B4AC78196D1DA0006E60CE /* WeRegIpnViewController.m in Sources */ = {isa = PBXBuildFile; fileRef = 90B4AC72196D1DA0006E60CE /* WeRegIpnViewController.m */; };
		90B4AC79196D1DA0006E60CE /* WeRegIvcViewController.m in Sources */ = {isa = PBXBuildFile; fileRef = 90B4AC74196D1DA0006E60CE /* WeRegIvcViewController.m */; };
		90B4AC7A196D1DA0006E60CE /* WeRegIrpViewController.m in Sources */ = {isa = PBXBuildFile; fileRef = 90B4AC76196D1DA0006E60CE /* WeRegIrpViewController.m */; };
/* End PBXBuildFile section */

/* Begin PBXContainerItemProxy section */
		904F7A5518F0F146000CB41B /* PBXContainerItemProxy */ = {
			isa = PBXContainerItemProxy;
			containerPortal = 904F7A2718F0F146000CB41B /* Project object */;
			proxyType = 1;
			remoteGlobalIDString = 904F7A2E18F0F146000CB41B;
			remoteInfo = We_Doc;
		};
/* End PBXContainerItemProxy section */

/* Begin PBXFileReference section */
		2C4C0E4422684F3590DC7997 /* Pods.xcconfig */ = {isa = PBXFileReference; includeInIndex = 1; lastKnownFileType = text.xcconfig; name = Pods.xcconfig; path = Pods/Pods.xcconfig; sourceTree = "<group>"; };
		5C83D077ED634B6A9726A5B2 /* libPods.a */ = {isa = PBXFileReference; explicitFileType = archive.ar; includeInIndex = 0; path = libPods.a; sourceTree = BUILT_PRODUCTS_DIR; };
		900E28DF19292C55008BF61C /* WeUser.h */ = {isa = PBXFileReference; fileEncoding = 4; lastKnownFileType = sourcecode.c.h; path = WeUser.h; sourceTree = "<group>"; };
		900E28E019292C55008BF61C /* WeUser.m */ = {isa = PBXFileReference; fileEncoding = 4; lastKnownFileType = sourcecode.c.objc; path = WeUser.m; sourceTree = "<group>"; };
		900E28E119292C55008BF61C /* WeDoctor.h */ = {isa = PBXFileReference; fileEncoding = 4; lastKnownFileType = sourcecode.c.h; path = WeDoctor.h; sourceTree = "<group>"; };
		900E28E219292C55008BF61C /* WeDoctor.m */ = {isa = PBXFileReference; fileEncoding = 4; lastKnownFileType = sourcecode.c.objc; path = WeDoctor.m; sourceTree = "<group>"; };
		900E28E319292C55008BF61C /* WeFavorDoctor.h */ = {isa = PBXFileReference; fileEncoding = 4; lastKnownFileType = sourcecode.c.h; path = WeFavorDoctor.h; sourceTree = "<group>"; };
		900E28E419292C55008BF61C /* WeFavorDoctor.m */ = {isa = PBXFileReference; fileEncoding = 4; lastKnownFileType = sourcecode.c.objc; path = WeFavorDoctor.m; sourceTree = "<group>"; };
		900E28E519292C55008BF61C /* WeMessage.h */ = {isa = PBXFileReference; fileEncoding = 4; lastKnownFileType = sourcecode.c.h; path = WeMessage.h; sourceTree = "<group>"; };
		900E28E619292C55008BF61C /* WeMessage.m */ = {isa = PBXFileReference; fileEncoding = 4; lastKnownFileType = sourcecode.c.objc; path = WeMessage.m; sourceTree = "<group>"; };
		900E28EB19294070008BF61C /* WePatient.h */ = {isa = PBXFileReference; fileEncoding = 4; lastKnownFileType = sourcecode.c.h; path = WePatient.h; sourceTree = "<group>"; };
		900E28EC19294070008BF61C /* WePatient.m */ = {isa = PBXFileReference; fileEncoding = 4; lastKnownFileType = sourcecode.c.objc; path = WePatient.m; sourceTree = "<group>"; };
		900E28EE192940E6008BF61C /* WeFavorPatient.h */ = {isa = PBXFileReference; fileEncoding = 4; lastKnownFileType = sourcecode.c.h; path = WeFavorPatient.h; sourceTree = "<group>"; };
		900E28EF192940E6008BF61C /* WeFavorPatient.m */ = {isa = PBXFileReference; fileEncoding = 4; lastKnownFileType = sourcecode.c.objc; path = WeFavorPatient.m; sourceTree = "<group>"; };
		900E291F1929AFBB008BF61C /* amrFileCodec.h */ = {isa = PBXFileReference; fileEncoding = 4; lastKnownFileType = sourcecode.c.h; path = amrFileCodec.h; sourceTree = "<group>"; };
		900E29201929AFBB008BF61C /* amrFileCodec.mm */ = {isa = PBXFileReference; fileEncoding = 4; lastKnownFileType = sourcecode.cpp.objcpp; path = amrFileCodec.mm; sourceTree = "<group>"; };
		900E29211929AFBB008BF61C /* wav.h */ = {isa = PBXFileReference; fileEncoding = 4; lastKnownFileType = sourcecode.c.h; path = wav.h; sourceTree = "<group>"; };
		900E29221929AFBB008BF61C /* wav.mm */ = {isa = PBXFileReference; fileEncoding = 4; lastKnownFileType = sourcecode.cpp.objcpp; path = wav.mm; sourceTree = "<group>"; };
		900E29241929AFBB008BF61C /* libopencore-amrnb.a */ = {isa = PBXFileReference; lastKnownFileType = archive.ar; path = "libopencore-amrnb.a"; sourceTree = "<group>"; };
		900E29251929AFBB008BF61C /* libopencore-amrwb.a */ = {isa = PBXFileReference; lastKnownFileType = archive.ar; path = "libopencore-amrwb.a"; sourceTree = "<group>"; };
		900E29271929AFBB008BF61C /* interf_dec.h */ = {isa = PBXFileReference; fileEncoding = 4; lastKnownFileType = sourcecode.c.h; path = interf_dec.h; sourceTree = "<group>"; };
		900E29281929AFBB008BF61C /* interf_enc.h */ = {isa = PBXFileReference; fileEncoding = 4; lastKnownFileType = sourcecode.c.h; path = interf_enc.h; sourceTree = "<group>"; };
		900E292A1929AFBB008BF61C /* dec_if.h */ = {isa = PBXFileReference; fileEncoding = 4; lastKnownFileType = sourcecode.c.h; path = dec_if.h; sourceTree = "<group>"; };
		900E292B1929AFBB008BF61C /* if_rom.h */ = {isa = PBXFileReference; fileEncoding = 4; lastKnownFileType = sourcecode.c.h; path = if_rom.h; sourceTree = "<group>"; };
		900E292C1929AFBB008BF61C /* VoiceConverter.h */ = {isa = PBXFileReference; fileEncoding = 4; lastKnownFileType = sourcecode.c.h; path = VoiceConverter.h; sourceTree = "<group>"; };
		900E292D1929AFBB008BF61C /* VoiceConverter.mm */ = {isa = PBXFileReference; fileEncoding = 4; lastKnownFileType = sourcecode.cpp.objcpp; path = VoiceConverter.mm; sourceTree = "<group>"; };
		9026EDEA1903EE9400CE4A7A /* WePecWkpAddViewController.h */ = {isa = PBXFileReference; fileEncoding = 4; lastKnownFileType = sourcecode.c.h; path = WePecWkpAddViewController.h; sourceTree = "<group>"; };
		9026EDEB1903EE9400CE4A7A /* WePecWkpAddViewController.m */ = {isa = PBXFileReference; fileEncoding = 4; lastKnownFileType = sourcecode.c.objc; path = WePecWkpAddViewController.m; sourceTree = "<group>"; };
		9026EDED1903EEAD00CE4A7A /* WePecWkpModViewController.h */ = {isa = PBXFileReference; fileEncoding = 4; lastKnownFileType = sourcecode.c.h; path = WePecWkpModViewController.h; sourceTree = "<group>"; };
		9026EDEE1903EEAD00CE4A7A /* WePecWkpModViewController.m */ = {isa = PBXFileReference; fileEncoding = 4; lastKnownFileType = sourcecode.c.objc; path = WePecWkpModViewController.m; sourceTree = "<group>"; };
		9026EDF01903EEC800CE4A7A /* WePecWkpAddNavController.h */ = {isa = PBXFileReference; fileEncoding = 4; lastKnownFileType = sourcecode.c.h; path = WePecWkpAddNavController.h; sourceTree = "<group>"; };
		9026EDF11903EEC800CE4A7A /* WePecWkpAddNavController.m */ = {isa = PBXFileReference; fileEncoding = 4; lastKnownFileType = sourcecode.c.objc; path = WePecWkpAddNavController.m; sourceTree = "<group>"; };
		9026EDF31904051600CE4A7A /* WeSelDayViewController.h */ = {isa = PBXFileReference; fileEncoding = 4; lastKnownFileType = sourcecode.c.h; path = WeSelDayViewController.h; sourceTree = "<group>"; };
		9026EDF41904051600CE4A7A /* WeSelDayViewController.m */ = {isa = PBXFileReference; fileEncoding = 4; lastKnownFileType = sourcecode.c.objc; path = WeSelDayViewController.m; sourceTree = "<group>"; };
		9026EDF61904052D00CE4A7A /* WeSelPerViewController.h */ = {isa = PBXFileReference; fileEncoding = 4; lastKnownFileType = sourcecode.c.h; path = WeSelPerViewController.h; sourceTree = "<group>"; };
		9026EDF71904052D00CE4A7A /* WeSelPerViewController.m */ = {isa = PBXFileReference; fileEncoding = 4; lastKnownFileType = sourcecode.c.objc; path = WeSelPerViewController.m; sourceTree = "<group>"; };
		9026EDF91904053C00CE4A7A /* WeSelTypViewController.h */ = {isa = PBXFileReference; fileEncoding = 4; lastKnownFileType = sourcecode.c.h; path = WeSelTypViewController.h; sourceTree = "<group>"; };
		9026EDFA1904053C00CE4A7A /* WeSelTypViewController.m */ = {isa = PBXFileReference; fileEncoding = 4; lastKnownFileType = sourcecode.c.objc; path = WeSelTypViewController.m; sourceTree = "<group>"; };
		9026EDFD19044B9000CE4A7A /* WePecPeaViewController.h */ = {isa = PBXFileReference; fileEncoding = 4; lastKnownFileType = sourcecode.c.h; path = WePecPeaViewController.h; sourceTree = "<group>"; };
		9026EDFE19044B9000CE4A7A /* WePecPeaViewController.m */ = {isa = PBXFileReference; fileEncoding = 4; lastKnownFileType = sourcecode.c.objc; path = WePecPeaViewController.m; sourceTree = "<group>"; };
		9026EE001904536300CE4A7A /* WeSelGenViewController.h */ = {isa = PBXFileReference; fileEncoding = 4; lastKnownFileType = sourcecode.c.h; path = WeSelGenViewController.h; sourceTree = "<group>"; };
		9026EE011904536300CE4A7A /* WeSelGenViewController.m */ = {isa = PBXFileReference; fileEncoding = 4; lastKnownFileType = sourcecode.c.objc; path = WeSelGenViewController.m; sourceTree = "<group>"; };
		9026EE0319049E5700CE4A7A /* WePecCaiGriViewController.h */ = {isa = PBXFileReference; fileEncoding = 4; lastKnownFileType = sourcecode.c.h; path = WePecCaiGriViewController.h; sourceTree = "<group>"; };
		9026EE0419049E5700CE4A7A /* WePecCaiGriViewController.m */ = {isa = PBXFileReference; fileEncoding = 4; lastKnownFileType = sourcecode.c.objc; path = WePecCaiGriViewController.m; sourceTree = "<group>"; };
		9026EE0619049E7400CE4A7A /* WePecCaiWkpViewController.h */ = {isa = PBXFileReference; fileEncoding = 4; lastKnownFileType = sourcecode.c.h; path = WePecCaiWkpViewController.h; sourceTree = "<group>"; };
		9026EE0719049E7400CE4A7A /* WePecCaiWkpViewController.m */ = {isa = PBXFileReference; fileEncoding = 4; lastKnownFileType = sourcecode.c.objc; path = WePecCaiWkpViewController.m; sourceTree = "<group>"; };
		9026EE091904A60700CE4A7A /* VPImageCropperViewController.h */ = {isa = PBXFileReference; fileEncoding = 4; lastKnownFileType = sourcecode.c.h; path = VPImageCropperViewController.h; sourceTree = "<group>"; };
		9026EE0A1904A60700CE4A7A /* VPImageCropperViewController.m */ = {isa = PBXFileReference; fileEncoding = 4; lastKnownFileType = sourcecode.c.objc; path = VPImageCropperViewController.m; sourceTree = "<group>"; };
		9026EFAD1912E3BA00CE4A7A /* WeSelHosViewController.h */ = {isa = PBXFileReference; fileEncoding = 4; lastKnownFileType = sourcecode.c.h; path = WeSelHosViewController.h; sourceTree = "<group>"; };
		9026EFAE1912E3BA00CE4A7A /* WeSelHosViewController.m */ = {isa = PBXFileReference; fileEncoding = 4; lastKnownFileType = sourcecode.c.objc; path = WeSelHosViewController.m; sourceTree = "<group>"; };
		9026EFB019143BA500CE4A7A /* WeSelSecViewController.h */ = {isa = PBXFileReference; fileEncoding = 4; lastKnownFileType = sourcecode.c.h; path = WeSelSecViewController.h; sourceTree = "<group>"; };
		9026EFB119143BA500CE4A7A /* WeSelSecViewController.m */ = {isa = PBXFileReference; fileEncoding = 4; lastKnownFileType = sourcecode.c.objc; path = WeSelSecViewController.m; sourceTree = "<group>"; };
		9026EFB3191447FB00CE4A7A /* WeSelTilViewController.h */ = {isa = PBXFileReference; fileEncoding = 4; lastKnownFileType = sourcecode.c.h; path = WeSelTilViewController.h; sourceTree = "<group>"; };
		9026EFB4191447FB00CE4A7A /* WeSelTilViewController.m */ = {isa = PBXFileReference; fileEncoding = 4; lastKnownFileType = sourcecode.c.objc; path = WeSelTilViewController.m; sourceTree = "<group>"; };
		9026EFB7191471C400CE4A7A /* PAImageView.h */ = {isa = PBXFileReference; fileEncoding = 4; lastKnownFileType = sourcecode.c.h; path = PAImageView.h; sourceTree = "<group>"; };
		9026EFB8191471C400CE4A7A /* PAImageView.m */ = {isa = PBXFileReference; fileEncoding = 4; lastKnownFileType = sourcecode.c.objc; path = PAImageView.m; sourceTree = "<group>"; };
		9026EFBA191473D900CE4A7A /* WeInpNamViewController.h */ = {isa = PBXFileReference; fileEncoding = 4; lastKnownFileType = sourcecode.c.h; path = WeInpNamViewController.h; sourceTree = "<group>"; };
		9026EFBB191473D900CE4A7A /* WeInpNamViewController.m */ = {isa = PBXFileReference; fileEncoding = 4; lastKnownFileType = sourcecode.c.objc; path = WeInpNamViewController.m; sourceTree = "<group>"; };
		9026EFBD1914AC1900CE4A7A /* WeInpSkiViewController.h */ = {isa = PBXFileReference; fileEncoding = 4; lastKnownFileType = sourcecode.c.h; path = WeInpSkiViewController.h; sourceTree = "<group>"; };
		9026EFBE1914AC1900CE4A7A /* WeInpSkiViewController.m */ = {isa = PBXFileReference; fileEncoding = 4; lastKnownFileType = sourcecode.c.objc; path = WeInpSkiViewController.m; sourceTree = "<group>"; };
		9026EFC01914AC2C00CE4A7A /* WeSelDegViewController.h */ = {isa = PBXFileReference; fileEncoding = 4; lastKnownFileType = sourcecode.c.h; path = WeSelDegViewController.h; sourceTree = "<group>"; };
		9026EFC11914AC2C00CE4A7A /* WeSelDegViewController.m */ = {isa = PBXFileReference; fileEncoding = 4; lastKnownFileType = sourcecode.c.objc; path = WeSelDegViewController.m; sourceTree = "<group>"; };
		9026EFC31914AC3E00CE4A7A /* WeInpEmaViewController.h */ = {isa = PBXFileReference; fileEncoding = 4; lastKnownFileType = sourcecode.c.h; path = WeInpEmaViewController.h; sourceTree = "<group>"; };
		9026EFC41914AC3E00CE4A7A /* WeInpEmaViewController.m */ = {isa = PBXFileReference; fileEncoding = 4; lastKnownFileType = sourcecode.c.objc; path = WeInpEmaViewController.m; sourceTree = "<group>"; };
		904F7A2F18F0F146000CB41B /* We_Doc.app */ = {isa = PBXFileReference; explicitFileType = wrapper.application; includeInIndex = 0; path = We_Doc.app; sourceTree = BUILT_PRODUCTS_DIR; };
		904F7A3218F0F146000CB41B /* Foundation.framework */ = {isa = PBXFileReference; lastKnownFileType = wrapper.framework; name = Foundation.framework; path = System/Library/Frameworks/Foundation.framework; sourceTree = SDKROOT; };
		904F7A3418F0F146000CB41B /* CoreGraphics.framework */ = {isa = PBXFileReference; lastKnownFileType = wrapper.framework; name = CoreGraphics.framework; path = System/Library/Frameworks/CoreGraphics.framework; sourceTree = SDKROOT; };
		904F7A3618F0F146000CB41B /* UIKit.framework */ = {isa = PBXFileReference; lastKnownFileType = wrapper.framework; name = UIKit.framework; path = System/Library/Frameworks/UIKit.framework; sourceTree = SDKROOT; };
		904F7A3A18F0F146000CB41B /* We_Doc-Info.plist */ = {isa = PBXFileReference; lastKnownFileType = text.plist.xml; path = "We_Doc-Info.plist"; sourceTree = "<group>"; };
		904F7A3C18F0F146000CB41B /* en */ = {isa = PBXFileReference; lastKnownFileType = text.plist.strings; name = en; path = en.lproj/InfoPlist.strings; sourceTree = "<group>"; };
		904F7A3E18F0F146000CB41B /* main.m */ = {isa = PBXFileReference; lastKnownFileType = sourcecode.c.objc; path = main.m; sourceTree = "<group>"; };
		904F7A4018F0F146000CB41B /* We_Doc-Prefix.pch */ = {isa = PBXFileReference; lastKnownFileType = sourcecode.c.h; path = "We_Doc-Prefix.pch"; sourceTree = "<group>"; };
		904F7A4118F0F146000CB41B /* WeAppDelegate.h */ = {isa = PBXFileReference; lastKnownFileType = sourcecode.c.h; path = WeAppDelegate.h; sourceTree = "<group>"; };
		904F7A4218F0F146000CB41B /* WeAppDelegate.m */ = {isa = PBXFileReference; lastKnownFileType = sourcecode.c.objc; path = WeAppDelegate.m; sourceTree = "<group>"; };
		904F7A4518F0F146000CB41B /* Base */ = {isa = PBXFileReference; lastKnownFileType = file.storyboard; name = Base; path = Base.lproj/Main.storyboard; sourceTree = "<group>"; };
		904F7A4A18F0F146000CB41B /* Images.xcassets */ = {isa = PBXFileReference; lastKnownFileType = folder.assetcatalog; path = Images.xcassets; sourceTree = "<group>"; };
		904F7A5018F0F146000CB41B /* We_DocTests.xctest */ = {isa = PBXFileReference; explicitFileType = wrapper.cfbundle; includeInIndex = 0; path = We_DocTests.xctest; sourceTree = BUILT_PRODUCTS_DIR; };
		904F7A5118F0F146000CB41B /* XCTest.framework */ = {isa = PBXFileReference; lastKnownFileType = wrapper.framework; name = XCTest.framework; path = Library/Frameworks/XCTest.framework; sourceTree = DEVELOPER_DIR; };
		904F7A5918F0F146000CB41B /* We_DocTests-Info.plist */ = {isa = PBXFileReference; lastKnownFileType = text.plist.xml; path = "We_DocTests-Info.plist"; sourceTree = "<group>"; };
		904F7A5B18F0F146000CB41B /* en */ = {isa = PBXFileReference; lastKnownFileType = text.plist.strings; name = en; path = en.lproj/InfoPlist.strings; sourceTree = "<group>"; };
		904F7A5D18F0F146000CB41B /* We_DocTests.m */ = {isa = PBXFileReference; lastKnownFileType = sourcecode.c.objc; path = We_DocTests.m; sourceTree = "<group>"; };
		9054807B18FA6A2900CE8172 /* WePecIdxViewController.h */ = {isa = PBXFileReference; fileEncoding = 4; lastKnownFileType = sourcecode.c.h; path = WePecIdxViewController.h; sourceTree = "<group>"; };
		9054807C18FA6A2900CE8172 /* WePecIdxViewController.m */ = {isa = PBXFileReference; fileEncoding = 4; lastKnownFileType = sourcecode.c.objc; path = WePecIdxViewController.m; sourceTree = "<group>"; };
		9054807E18FA6A5A00CE8172 /* WePecNavViewController.h */ = {isa = PBXFileReference; fileEncoding = 4; lastKnownFileType = sourcecode.c.h; path = WePecNavViewController.h; sourceTree = "<group>"; };
		9054807F18FA6A5A00CE8172 /* WePecNavViewController.m */ = {isa = PBXFileReference; fileEncoding = 4; lastKnownFileType = sourcecode.c.objc; path = WePecNavViewController.m; sourceTree = "<group>"; };
		9054808718FAC28700CE8172 /* WePecCaiViewController.h */ = {isa = PBXFileReference; fileEncoding = 4; lastKnownFileType = sourcecode.c.h; path = WePecCaiViewController.h; sourceTree = "<group>"; };
		9054808818FAC28700CE8172 /* WePecCaiViewController.m */ = {isa = PBXFileReference; fileEncoding = 4; lastKnownFileType = sourcecode.c.objc; path = WePecCaiViewController.m; sourceTree = "<group>"; };
		906F4D8F197376CC007807FE /* WeCsrIdxViewController.h */ = {isa = PBXFileReference; fileEncoding = 4; lastKnownFileType = sourcecode.c.h; path = WeCsrIdxViewController.h; sourceTree = "<group>"; };
		906F4D90197376CC007807FE /* WeCsrIdxViewController.m */ = {isa = PBXFileReference; fileEncoding = 4; lastKnownFileType = sourcecode.c.objc; path = WeCsrIdxViewController.m; sourceTree = "<group>"; };
		906F4D91197376CC007807FE /* WeCsrCtrViewController.h */ = {isa = PBXFileReference; fileEncoding = 4; lastKnownFileType = sourcecode.c.h; path = WeCsrCtrViewController.h; sourceTree = "<group>"; };
		906F4D92197376CC007807FE /* WeCsrCtrViewController.m */ = {isa = PBXFileReference; fileEncoding = 4; lastKnownFileType = sourcecode.c.objc; path = WeCsrCtrViewController.m; sourceTree = "<group>"; };
		906F4D9519738AB2007807FE /* WeConsultDetailViewController.h */ = {isa = PBXFileReference; fileEncoding = 4; lastKnownFileType = sourcecode.c.h; path = WeConsultDetailViewController.h; sourceTree = "<group>"; };
		906F4D9619738AB2007807FE /* WeConsultDetailViewController.m */ = {isa = PBXFileReference; fileEncoding = 4; lastKnownFileType = sourcecode.c.objc; path = WeConsultDetailViewController.m; sourceTree = "<group>"; };
		906F4D9A19738D20007807FE /* WeConsult.h */ = {isa = PBXFileReference; fileEncoding = 4; lastKnownFileType = sourcecode.c.h; path = WeConsult.h; sourceTree = "<group>"; };
		906F4D9B19738D20007807FE /* WeConsult.m */ = {isa = PBXFileReference; fileEncoding = 4; lastKnownFileType = sourcecode.c.objc; path = WeConsult.m; sourceTree = "<group>"; };
		906F4DDF1973F194007807FE /* WeOrder.h */ = {isa = PBXFileReference; fileEncoding = 4; lastKnownFileType = sourcecode.c.h; path = WeOrder.h; sourceTree = "<group>"; };
		906F4DE01973F194007807FE /* WeOrder.m */ = {isa = PBXFileReference; fileEncoding = 4; lastKnownFileType = sourcecode.c.objc; path = WeOrder.m; sourceTree = "<group>"; };
		907D5B1C191EB9630006EAE0 /* libsqlite3.0.dylib */ = {isa = PBXFileReference; lastKnownFileType = "compiled.mach-o.dylib"; name = libsqlite3.0.dylib; path = usr/lib/libsqlite3.0.dylib; sourceTree = SDKROOT; };
		907D5B1E191F60900006EAE0 /* CoreData.framework */ = {isa = PBXFileReference; lastKnownFileType = wrapper.framework; name = CoreData.framework; path = System/Library/Frameworks/CoreData.framework; sourceTree = SDKROOT; };
		907FE5A019023E7D0070DB3E /* WePecNotViewController.h */ = {isa = PBXFileReference; fileEncoding = 4; lastKnownFileType = sourcecode.c.h; path = WePecNotViewController.h; sourceTree = "<group>"; };
		907FE5A119023E7D0070DB3E /* WePecNotViewController.m */ = {isa = PBXFileReference; fileEncoding = 4; lastKnownFileType = sourcecode.c.objc; path = WePecNotViewController.m; sourceTree = "<group>"; };
		907FE5A4190252580070DB3E /* WePecBusViewController.h */ = {isa = PBXFileReference; fileEncoding = 4; lastKnownFileType = sourcecode.c.h; path = WePecBusViewController.h; sourceTree = "<group>"; };
		907FE5A5190252580070DB3E /* WePecBusViewController.m */ = {isa = PBXFileReference; fileEncoding = 4; lastKnownFileType = sourcecode.c.objc; path = WePecBusViewController.m; sourceTree = "<group>"; };
		909E3C611901661400ADC2E9 /* WePecCtfViewController.h */ = {isa = PBXFileReference; fileEncoding = 4; lastKnownFileType = sourcecode.c.h; path = WePecCtfViewController.h; sourceTree = "<group>"; };
		909E3C621901661400ADC2E9 /* WePecCtfViewController.m */ = {isa = PBXFileReference; fileEncoding = 4; lastKnownFileType = sourcecode.c.objc; path = WePecCtfViewController.m; sourceTree = "<group>"; };
		909E3C641901662F00ADC2E9 /* WePecVctfViewController.h */ = {isa = PBXFileReference; fileEncoding = 4; lastKnownFileType = sourcecode.c.h; path = WePecVctfViewController.h; sourceTree = "<group>"; };
		909E3C651901662F00ADC2E9 /* WePecVctfViewController.m */ = {isa = PBXFileReference; fileEncoding = 4; lastKnownFileType = sourcecode.c.objc; path = WePecVctfViewController.m; sourceTree = "<group>"; };
		909E3C671901A89900ADC2E9 /* WePecExpViewController.h */ = {isa = PBXFileReference; fileEncoding = 4; lastKnownFileType = sourcecode.c.h; path = WePecExpViewController.h; sourceTree = "<group>"; };
		909E3C681901A89900ADC2E9 /* WePecExpViewController.m */ = {isa = PBXFileReference; fileEncoding = 4; lastKnownFileType = sourcecode.c.objc; path = WePecExpViewController.m; sourceTree = "<group>"; };
		909E3C6F1901B05E00ADC2E9 /* WePecExpAddViewController.h */ = {isa = PBXFileReference; fileEncoding = 4; lastKnownFileType = sourcecode.c.h; path = WePecExpAddViewController.h; sourceTree = "<group>"; };
		909E3C701901B05E00ADC2E9 /* WePecExpAddViewController.m */ = {isa = PBXFileReference; fileEncoding = 4; lastKnownFileType = sourcecode.c.objc; path = WePecExpAddViewController.m; sourceTree = "<group>"; };
		909E3C761901B0B800ADC2E9 /* WePecExpModViewController.h */ = {isa = PBXFileReference; fileEncoding = 4; lastKnownFileType = sourcecode.c.h; path = WePecExpModViewController.h; sourceTree = "<group>"; };
		909E3C771901B0B800ADC2E9 /* WePecExpModViewController.m */ = {isa = PBXFileReference; fileEncoding = 4; lastKnownFileType = sourcecode.c.objc; path = WePecExpModViewController.m; sourceTree = "<group>"; };
		909E3C791901B43B00ADC2E9 /* WePecExpAddNavController.h */ = {isa = PBXFileReference; fileEncoding = 4; lastKnownFileType = sourcecode.c.h; path = WePecExpAddNavController.h; sourceTree = "<group>"; };
		909E3C7A1901B43B00ADC2E9 /* WePecExpAddNavController.m */ = {isa = PBXFileReference; fileEncoding = 4; lastKnownFileType = sourcecode.c.objc; path = WePecExpAddNavController.m; sourceTree = "<group>"; };
		90B4AC32196D1CF4006E60CE /* WeFunIdxViewController.h */ = {isa = PBXFileReference; fileEncoding = 4; lastKnownFileType = sourcecode.c.h; path = WeFunIdxViewController.h; sourceTree = "<group>"; };
		90B4AC33196D1CF4006E60CE /* WeFunIdxViewController.m */ = {isa = PBXFileReference; fileEncoding = 4; lastKnownFileType = sourcecode.c.objc; path = WeFunIdxViewController.m; sourceTree = "<group>"; };
		90B4AC34196D1CF4006E60CE /* WeFunDetViewController.h */ = {isa = PBXFileReference; fileEncoding = 4; lastKnownFileType = sourcecode.c.h; path = WeFunDetViewController.h; sourceTree = "<group>"; };
		90B4AC35196D1CF4006E60CE /* WeFunDetViewController.m */ = {isa = PBXFileReference; fileEncoding = 4; lastKnownFileType = sourcecode.c.objc; path = WeFunDetViewController.m; sourceTree = "<group>"; };
		90B4AC36196D1CF4006E60CE /* WeFunDesViewController.h */ = {isa = PBXFileReference; fileEncoding = 4; lastKnownFileType = sourcecode.c.h; path = WeFunDesViewController.h; sourceTree = "<group>"; };
		90B4AC37196D1CF4006E60CE /* WeFunDesViewController.m */ = {isa = PBXFileReference; fileEncoding = 4; lastKnownFileType = sourcecode.c.objc; path = WeFunDesViewController.m; sourceTree = "<group>"; };
		90B4AC38196D1CF4006E60CE /* WeFunSupViewController.h */ = {isa = PBXFileReference; fileEncoding = 4; lastKnownFileType = sourcecode.c.h; path = WeFunSupViewController.h; sourceTree = "<group>"; };
		90B4AC39196D1CF4006E60CE /* WeFunSupViewController.m */ = {isa = PBXFileReference; fileEncoding = 4; lastKnownFileType = sourcecode.c.objc; path = WeFunSupViewController.m; sourceTree = "<group>"; };
		90B4AC42196D1D39006E60CE /* WeFunding.h */ = {isa = PBXFileReference; fileEncoding = 4; lastKnownFileType = sourcecode.c.h; path = WeFunding.h; sourceTree = "<group>"; };
		90B4AC43196D1D39006E60CE /* WeFunding.m */ = {isa = PBXFileReference; fileEncoding = 4; lastKnownFileType = sourcecode.c.objc; path = WeFunding.m; sourceTree = "<group>"; };
		90B4AC44196D1D39006E60CE /* WeFundingLevel.h */ = {isa = PBXFileReference; fileEncoding = 4; lastKnownFileType = sourcecode.c.h; path = WeFundingLevel.h; sourceTree = "<group>"; };
		90B4AC45196D1D39006E60CE /* WeFundingLevel.m */ = {isa = PBXFileReference; fileEncoding = 4; lastKnownFileType = sourcecode.c.objc; path = WeFundingLevel.m; sourceTree = "<group>"; };
		90B4AC46196D1D39006E60CE /* WeFundingSupport.h */ = {isa = PBXFileReference; fileEncoding = 4; lastKnownFileType = sourcecode.c.h; path = WeFundingSupport.h; sourceTree = "<group>"; };
		90B4AC47196D1D39006E60CE /* WeFundingSupport.m */ = {isa = PBXFileReference; fileEncoding = 4; lastKnownFileType = sourcecode.c.objc; path = WeFundingSupport.m; sourceTree = "<group>"; };
		90B4AC4B196D1D6A006E60CE /* WeTableViewCell.h */ = {isa = PBXFileReference; fileEncoding = 4; lastKnownFileType = sourcecode.c.h; path = WeTableViewCell.h; sourceTree = "<group>"; };
		90B4AC4C196D1D6A006E60CE /* WeTableViewCell.m */ = {isa = PBXFileReference; fileEncoding = 4; lastKnownFileType = sourcecode.c.objc; path = WeTableViewCell.m; sourceTree = "<group>"; };
		90B4AC4D196D1D6A006E60CE /* WeSPViewController.h */ = {isa = PBXFileReference; fileEncoding = 4; lastKnownFileType = sourcecode.c.h; path = WeSPViewController.h; sourceTree = "<group>"; };
		90B4AC4E196D1D6A006E60CE /* WeSPViewController.m */ = {isa = PBXFileReference; fileEncoding = 4; lastKnownFileType = sourcecode.c.objc; path = WeSPViewController.m; sourceTree = "<group>"; };
		90B4AC4F196D1D6A006E60CE /* WeViewController.h */ = {isa = PBXFileReference; fileEncoding = 4; lastKnownFileType = sourcecode.c.h; path = WeViewController.h; sourceTree = "<group>"; };
		90B4AC50196D1D6A006E60CE /* WeViewController.m */ = {isa = PBXFileReference; fileEncoding = 4; lastKnownFileType = sourcecode.c.objc; path = WeViewController.m; sourceTree = "<group>"; };
		90B4AC51196D1D6A006E60CE /* WeNavViewController.h */ = {isa = PBXFileReference; fileEncoding = 4; lastKnownFileType = sourcecode.c.h; path = WeNavViewController.h; sourceTree = "<group>"; };
		90B4AC52196D1D6A006E60CE /* WeNavViewController.m */ = {isa = PBXFileReference; fileEncoding = 4; lastKnownFileType = sourcecode.c.objc; path = WeNavViewController.m; sourceTree = "<group>"; };
		90B4AC53196D1D6A006E60CE /* WeTabBarViewController.h */ = {isa = PBXFileReference; fileEncoding = 4; lastKnownFileType = sourcecode.c.h; path = WeTabBarViewController.h; sourceTree = "<group>"; };
		90B4AC54196D1D6A006E60CE /* WeTabBarViewController.m */ = {isa = PBXFileReference; fileEncoding = 4; lastKnownFileType = sourcecode.c.objc; path = WeTabBarViewController.m; sourceTree = "<group>"; };
		90B4AC55196D1D6A006E60CE /* WeToolButton.h */ = {isa = PBXFileReference; fileEncoding = 4; lastKnownFileType = sourcecode.c.h; path = WeToolButton.h; sourceTree = "<group>"; };
		90B4AC56196D1D6A006E60CE /* WeToolButton.m */ = {isa = PBXFileReference; fileEncoding = 4; lastKnownFileType = sourcecode.c.objc; path = WeToolButton.m; sourceTree = "<group>"; };
		90B4AC57196D1D6A006E60CE /* WeImageButton.h */ = {isa = PBXFileReference; fileEncoding = 4; lastKnownFileType = sourcecode.c.h; path = WeImageButton.h; sourceTree = "<group>"; };
		90B4AC58196D1D6A006E60CE /* WeImageButton.m */ = {isa = PBXFileReference; fileEncoding = 4; lastKnownFileType = sourcecode.c.objc; path = WeImageButton.m; sourceTree = "<group>"; };
		90B4AC59196D1D6A006E60CE /* WeInfoedButton.h */ = {isa = PBXFileReference; fileEncoding = 4; lastKnownFileType = sourcecode.c.h; path = WeInfoedButton.h; sourceTree = "<group>"; };
		90B4AC5A196D1D6A006E60CE /* WeInfoedButton.m */ = {isa = PBXFileReference; fileEncoding = 4; lastKnownFileType = sourcecode.c.objc; path = WeInfoedButton.m; sourceTree = "<group>"; };
		90B4AC5B196D1D6A006E60CE /* WeInfoedTextField.h */ = {isa = PBXFileReference; fileEncoding = 4; lastKnownFileType = sourcecode.c.h; path = WeInfoedTextField.h; sourceTree = "<group>"; };
		90B4AC5C196D1D6A006E60CE /* WeInfoedTextField.m */ = {isa = PBXFileReference; fileEncoding = 4; lastKnownFileType = sourcecode.c.objc; path = WeInfoedTextField.m; sourceTree = "<group>"; };
		90B4AC5D196D1D6A006E60CE /* WeImageViewerViewController.h */ = {isa = PBXFileReference; fileEncoding = 4; lastKnownFileType = sourcecode.c.h; path = WeImageViewerViewController.h; sourceTree = "<group>"; };
		90B4AC5E196D1D6A006E60CE /* WeImageViewerViewController.m */ = {isa = PBXFileReference; fileEncoding = 4; lastKnownFileType = sourcecode.c.objc; path = WeImageViewerViewController.m; sourceTree = "<group>"; };
		90B4AC5F196D1D6A006E60CE /* WeSentenceModifyViewController.h */ = {isa = PBXFileReference; fileEncoding = 4; lastKnownFileType = sourcecode.c.h; path = WeSentenceModifyViewController.h; sourceTree = "<group>"; };
		90B4AC60196D1D6A006E60CE /* WeSentenceModifyViewController.m */ = {isa = PBXFileReference; fileEncoding = 4; lastKnownFileType = sourcecode.c.objc; path = WeSentenceModifyViewController.m; sourceTree = "<group>"; };
		90B4AC61196D1D6A006E60CE /* WeParagraphModifyViewController.h */ = {isa = PBXFileReference; fileEncoding = 4; lastKnownFileType = sourcecode.c.h; path = WeParagraphModifyViewController.h; sourceTree = "<group>"; };
		90B4AC62196D1D6A006E60CE /* WeParagraphModifyViewController.m */ = {isa = PBXFileReference; fileEncoding = 4; lastKnownFileType = sourcecode.c.objc; path = WeParagraphModifyViewController.m; sourceTree = "<group>"; };
		90B4AC6F196D1DA0006E60CE /* WeRegWlcViewController.h */ = {isa = PBXFileReference; fileEncoding = 4; lastKnownFileType = sourcecode.c.h; path = WeRegWlcViewController.h; sourceTree = "<group>"; };
		90B4AC70196D1DA0006E60CE /* WeRegWlcViewController.m */ = {isa = PBXFileReference; fileEncoding = 4; lastKnownFileType = sourcecode.c.objc; path = WeRegWlcViewController.m; sourceTree = "<group>"; };
		90B4AC71196D1DA0006E60CE /* WeRegIpnViewController.h */ = {isa = PBXFileReference; fileEncoding = 4; lastKnownFileType = sourcecode.c.h; path = WeRegIpnViewController.h; sourceTree = "<group>"; };
		90B4AC72196D1DA0006E60CE /* WeRegIpnViewController.m */ = {isa = PBXFileReference; fileEncoding = 4; lastKnownFileType = sourcecode.c.objc; path = WeRegIpnViewController.m; sourceTree = "<group>"; };
		90B4AC73196D1DA0006E60CE /* WeRegIvcViewController.h */ = {isa = PBXFileReference; fileEncoding = 4; lastKnownFileType = sourcecode.c.h; path = WeRegIvcViewController.h; sourceTree = "<group>"; };
		90B4AC74196D1DA0006E60CE /* WeRegIvcViewController.m */ = {isa = PBXFileReference; fileEncoding = 4; lastKnownFileType = sourcecode.c.objc; path = WeRegIvcViewController.m; sourceTree = "<group>"; };
		90B4AC75196D1DA0006E60CE /* WeRegIrpViewController.h */ = {isa = PBXFileReference; fileEncoding = 4; lastKnownFileType = sourcecode.c.h; path = WeRegIrpViewController.h; sourceTree = "<group>"; };
		90B4AC76196D1DA0006E60CE /* WeRegIrpViewController.m */ = {isa = PBXFileReference; fileEncoding = 4; lastKnownFileType = sourcecode.c.objc; path = WeRegIrpViewController.m; sourceTree = "<group>"; };
/* End PBXFileReference section */

/* Begin PBXFrameworksBuildPhase section */
		904F7A2C18F0F146000CB41B /* Frameworks */ = {
			isa = PBXFrameworksBuildPhase;
			buildActionMask = 2147483647;
			files = (
				907D5B1F191F60900006EAE0 /* CoreData.framework in Frameworks */,
				907D5B1D191EB9630006EAE0 /* libsqlite3.0.dylib in Frameworks */,
				904F7A3518F0F146000CB41B /* CoreGraphics.framework in Frameworks */,
				900E29301929AFBB008BF61C /* libopencore-amrnb.a in Frameworks */,
				904F7A3718F0F146000CB41B /* UIKit.framework in Frameworks */,
				900E29311929AFBB008BF61C /* libopencore-amrwb.a in Frameworks */,
				904F7A3318F0F146000CB41B /* Foundation.framework in Frameworks */,
				0CB24654A3894C74B50B7DFF /* libPods.a in Frameworks */,
			);
			runOnlyForDeploymentPostprocessing = 0;
		};
		904F7A4D18F0F146000CB41B /* Frameworks */ = {
			isa = PBXFrameworksBuildPhase;
			buildActionMask = 2147483647;
			files = (
				904F7A5218F0F146000CB41B /* XCTest.framework in Frameworks */,
				904F7A5418F0F146000CB41B /* UIKit.framework in Frameworks */,
				904F7A5318F0F146000CB41B /* Foundation.framework in Frameworks */,
			);
			runOnlyForDeploymentPostprocessing = 0;
		};
/* End PBXFrameworksBuildPhase section */

/* Begin PBXGroup section */
		900E28DE19292C42008BF61C /* Model */ = {
			isa = PBXGroup;
			children = (
				906F4D9919738C87007807FE /* User */,
				90B4AC41196D1D2D006E60CE /* Funding */,
				900E28E519292C55008BF61C /* WeMessage.h */,
				900E28E619292C55008BF61C /* WeMessage.m */,
				906F4D9A19738D20007807FE /* WeConsult.h */,
				906F4D9B19738D20007807FE /* WeConsult.m */,
				906F4DDF1973F194007807FE /* WeOrder.h */,
				906F4DE01973F194007807FE /* WeOrder.m */,
			);
			name = Model;
			sourceTree = "<group>";
		};
		900E291D1929AFBB008BF61C /* VoiceConvert */ = {
			isa = PBXGroup;
			children = (
				900E291E1929AFBB008BF61C /* amrwapper */,
				900E29231929AFBB008BF61C /* lib */,
				900E29261929AFBB008BF61C /* opencore-amrnb */,
				900E29291929AFBB008BF61C /* opencore-amrwb */,
				900E292C1929AFBB008BF61C /* VoiceConverter.h */,
				900E292D1929AFBB008BF61C /* VoiceConverter.mm */,
			);
			name = VoiceConvert;
			path = arm/VoiceConvert;
			sourceTree = "<group>";
		};
		900E291E1929AFBB008BF61C /* amrwapper */ = {
			isa = PBXGroup;
			children = (
				900E291F1929AFBB008BF61C /* amrFileCodec.h */,
				900E29201929AFBB008BF61C /* amrFileCodec.mm */,
				900E29211929AFBB008BF61C /* wav.h */,
				900E29221929AFBB008BF61C /* wav.mm */,
			);
			path = amrwapper;
			sourceTree = "<group>";
		};
		900E29231929AFBB008BF61C /* lib */ = {
			isa = PBXGroup;
			children = (
				900E29241929AFBB008BF61C /* libopencore-amrnb.a */,
				900E29251929AFBB008BF61C /* libopencore-amrwb.a */,
			);
			path = lib;
			sourceTree = "<group>";
		};
		900E29261929AFBB008BF61C /* opencore-amrnb */ = {
			isa = PBXGroup;
			children = (
				900E29271929AFBB008BF61C /* interf_dec.h */,
				900E29281929AFBB008BF61C /* interf_enc.h */,
			);
			path = "opencore-amrnb";
			sourceTree = "<group>";
		};
		900E29291929AFBB008BF61C /* opencore-amrwb */ = {
			isa = PBXGroup;
			children = (
				900E292A1929AFBB008BF61C /* dec_if.h */,
				900E292B1929AFBB008BF61C /* if_rom.h */,
			);
			path = "opencore-amrwb";
			sourceTree = "<group>";
		};
		9026EDFC19044B7100CE4A7A /* PersonalAccount */ = {
			isa = PBXGroup;
			children = (
				9026EDFD19044B9000CE4A7A /* WePecPeaViewController.h */,
				9026EDFE19044B9000CE4A7A /* WePecPeaViewController.m */,
				9026EFBA191473D900CE4A7A /* WeInpNamViewController.h */,
				9026EFBB191473D900CE4A7A /* WeInpNamViewController.m */,
				9026EE001904536300CE4A7A /* WeSelGenViewController.h */,
				9026EE011904536300CE4A7A /* WeSelGenViewController.m */,
			);
			name = PersonalAccount;
			sourceTree = "<group>";
		};
		9026EE0C1904A61300CE4A7A /* VPImageCropper */ = {
			isa = PBXGroup;
			children = (
				9026EE091904A60700CE4A7A /* VPImageCropperViewController.h */,
				9026EE0A1904A60700CE4A7A /* VPImageCropperViewController.m */,
			);
			name = VPImageCropper;
			sourceTree = "<group>";
		};
		9026EFB6191471C400CE4A7A /* PAImageView */ = {
			isa = PBXGroup;
			children = (
				9026EFB7191471C400CE4A7A /* PAImageView.h */,
				9026EFB8191471C400CE4A7A /* PAImageView.m */,
			);
			path = PAImageView;
			sourceTree = "<group>";
		};
		9039CC5C1902B40800EA8310 /* Customs */ = {
			isa = PBXGroup;
			children = (
				90B4AC4B196D1D6A006E60CE /* WeTableViewCell.h */,
				90B4AC4C196D1D6A006E60CE /* WeTableViewCell.m */,
				90B4AC4D196D1D6A006E60CE /* WeSPViewController.h */,
				90B4AC4E196D1D6A006E60CE /* WeSPViewController.m */,
				90B4AC4F196D1D6A006E60CE /* WeViewController.h */,
				90B4AC50196D1D6A006E60CE /* WeViewController.m */,
				90B4AC51196D1D6A006E60CE /* WeNavViewController.h */,
				90B4AC52196D1D6A006E60CE /* WeNavViewController.m */,
				90B4AC53196D1D6A006E60CE /* WeTabBarViewController.h */,
				90B4AC54196D1D6A006E60CE /* WeTabBarViewController.m */,
				90B4AC55196D1D6A006E60CE /* WeToolButton.h */,
				90B4AC56196D1D6A006E60CE /* WeToolButton.m */,
				90B4AC57196D1D6A006E60CE /* WeImageButton.h */,
				90B4AC58196D1D6A006E60CE /* WeImageButton.m */,
				90B4AC59196D1D6A006E60CE /* WeInfoedButton.h */,
				90B4AC5A196D1D6A006E60CE /* WeInfoedButton.m */,
				90B4AC5B196D1D6A006E60CE /* WeInfoedTextField.h */,
				90B4AC5C196D1D6A006E60CE /* WeInfoedTextField.m */,
				90B4AC5D196D1D6A006E60CE /* WeImageViewerViewController.h */,
				90B4AC5E196D1D6A006E60CE /* WeImageViewerViewController.m */,
				90B4AC5F196D1D6A006E60CE /* WeSentenceModifyViewController.h */,
				90B4AC60196D1D6A006E60CE /* WeSentenceModifyViewController.m */,
				90B4AC61196D1D6A006E60CE /* WeParagraphModifyViewController.h */,
				90B4AC62196D1D6A006E60CE /* WeParagraphModifyViewController.m */,
			);
			name = Customs;
			sourceTree = "<group>";
		};
		904F7A2618F0F146000CB41B = {
			isa = PBXGroup;
			children = (
				904F7A3818F0F146000CB41B /* We_Doc */,
				904F7A5718F0F146000CB41B /* We_DocTests */,
				904F7A3118F0F146000CB41B /* Frameworks */,
				904F7A3018F0F146000CB41B /* Products */,
				2C4C0E4422684F3590DC7997 /* Pods.xcconfig */,
			);
			sourceTree = "<group>";
		};
		904F7A3018F0F146000CB41B /* Products */ = {
			isa = PBXGroup;
			children = (
				904F7A2F18F0F146000CB41B /* We_Doc.app */,
				904F7A5018F0F146000CB41B /* We_DocTests.xctest */,
			);
			name = Products;
			sourceTree = "<group>";
		};
		904F7A3118F0F146000CB41B /* Frameworks */ = {
			isa = PBXGroup;
			children = (
				907D5B1E191F60900006EAE0 /* CoreData.framework */,
				907D5B1C191EB9630006EAE0 /* libsqlite3.0.dylib */,
				904F7A3218F0F146000CB41B /* Foundation.framework */,
				904F7A3418F0F146000CB41B /* CoreGraphics.framework */,
				904F7A3618F0F146000CB41B /* UIKit.framework */,
				904F7A5118F0F146000CB41B /* XCTest.framework */,
				5C83D077ED634B6A9726A5B2 /* libPods.a */,
			);
			name = Frameworks;
			sourceTree = "<group>";
		};
		904F7A3818F0F146000CB41B /* We_Doc */ = {
			isa = PBXGroup;
			children = (
				904F7A4118F0F146000CB41B /* WeAppDelegate.h */,
				904F7A4218F0F146000CB41B /* WeAppDelegate.m */,
				906F4DF619761FC3007807FE /* Framework */,
				900E28DE19292C42008BF61C /* Model */,
				906F4DF719761FDE007807FE /* ViewController */,
				904F7A4A18F0F146000CB41B /* Images.xcassets */,
				904F7A4418F0F146000CB41B /* Main.storyboard */,
				904F7A3918F0F146000CB41B /* Supporting Files */,
			);
			path = We_Doc;
			sourceTree = "<group>";
		};
		904F7A3918F0F146000CB41B /* Supporting Files */ = {
			isa = PBXGroup;
			children = (
				904F7A3A18F0F146000CB41B /* We_Doc-Info.plist */,
				904F7A3B18F0F146000CB41B /* InfoPlist.strings */,
				904F7A3E18F0F146000CB41B /* main.m */,
				904F7A4018F0F146000CB41B /* We_Doc-Prefix.pch */,
			);
			name = "Supporting Files";
			sourceTree = "<group>";
		};
		904F7A5718F0F146000CB41B /* We_DocTests */ = {
			isa = PBXGroup;
			children = (
				904F7A5D18F0F146000CB41B /* We_DocTests.m */,
				904F7A5818F0F146000CB41B /* Supporting Files */,
			);
			path = We_DocTests;
			sourceTree = "<group>";
		};
		904F7A5818F0F146000CB41B /* Supporting Files */ = {
			isa = PBXGroup;
			children = (
				904F7A5918F0F146000CB41B /* We_DocTests-Info.plist */,
				904F7A5A18F0F146000CB41B /* InfoPlist.strings */,
			);
			name = "Supporting Files";
			sourceTree = "<group>";
		};
		9054807918FA606900CE8172 /* Register */ = {
			isa = PBXGroup;
			children = (
				90B4AC6F196D1DA0006E60CE /* WeRegWlcViewController.h */,
				90B4AC70196D1DA0006E60CE /* WeRegWlcViewController.m */,
				90B4AC71196D1DA0006E60CE /* WeRegIpnViewController.h */,
				90B4AC72196D1DA0006E60CE /* WeRegIpnViewController.m */,
				90B4AC73196D1DA0006E60CE /* WeRegIvcViewController.h */,
				90B4AC74196D1DA0006E60CE /* WeRegIvcViewController.m */,
				90B4AC75196D1DA0006E60CE /* WeRegIrpViewController.h */,
				90B4AC76196D1DA0006E60CE /* WeRegIrpViewController.m */,
			);
			name = Register;
			sourceTree = "<group>";
		};
		9054807A18FA68D600CE8172 /* PersonalCenter */ = {
			isa = PBXGroup;
			children = (
				9054807E18FA6A5A00CE8172 /* WePecNavViewController.h */,
				9054807F18FA6A5A00CE8172 /* WePecNavViewController.m */,
				9054807B18FA6A2900CE8172 /* WePecIdxViewController.h */,
				9054807C18FA6A2900CE8172 /* WePecIdxViewController.m */,
				909E3C6E1901AF4300ADC2E9 /* Experience */,
				9026EDFC19044B7100CE4A7A /* PersonalAccount */,
				909E3C6D1901AF0C00ADC2E9 /* CareerInformation */,
				907FE5A31902518B0070DB3E /* BusinessSetting */,
				907FE5A019023E7D0070DB3E /* WePecNotViewController.h */,
				907FE5A119023E7D0070DB3E /* WePecNotViewController.m */,
			);
			name = PersonalCenter;
			sourceTree = "<group>";
		};
		9054808618FAA57000CE8172 /* RaisePublic */ = {
			isa = PBXGroup;
			children = (
				90B4AC32196D1CF4006E60CE /* WeFunIdxViewController.h */,
				90B4AC33196D1CF4006E60CE /* WeFunIdxViewController.m */,
				90B4AC34196D1CF4006E60CE /* WeFunDetViewController.h */,
				90B4AC35196D1CF4006E60CE /* WeFunDetViewController.m */,
				90B4AC36196D1CF4006E60CE /* WeFunDesViewController.h */,
				90B4AC37196D1CF4006E60CE /* WeFunDesViewController.m */,
				90B4AC38196D1CF4006E60CE /* WeFunSupViewController.h */,
				90B4AC39196D1CF4006E60CE /* WeFunSupViewController.m */,
			);
			name = RaisePublic;
			sourceTree = "<group>";
		};
		906F4D8E197376AC007807FE /* ConsultingRoom */ = {
			isa = PBXGroup;
			children = (
				906F4D8F197376CC007807FE /* WeCsrIdxViewController.h */,
				906F4D90197376CC007807FE /* WeCsrIdxViewController.m */,
				906F4D91197376CC007807FE /* WeCsrCtrViewController.h */,
				906F4D92197376CC007807FE /* WeCsrCtrViewController.m */,
				906F4D9519738AB2007807FE /* WeConsultDetailViewController.h */,
				906F4D9619738AB2007807FE /* WeConsultDetailViewController.m */,
			);
			name = ConsultingRoom;
			sourceTree = "<group>";
		};
		906F4D9919738C87007807FE /* User */ = {
			isa = PBXGroup;
			children = (
				900E28DF19292C55008BF61C /* WeUser.h */,
				900E28E019292C55008BF61C /* WeUser.m */,
				900E28E119292C55008BF61C /* WeDoctor.h */,
				900E28E219292C55008BF61C /* WeDoctor.m */,
				900E28E319292C55008BF61C /* WeFavorDoctor.h */,
				900E28E419292C55008BF61C /* WeFavorDoctor.m */,
				900E28EB19294070008BF61C /* WePatient.h */,
				900E28EC19294070008BF61C /* WePatient.m */,
				900E28EE192940E6008BF61C /* WeFavorPatient.h */,
				900E28EF192940E6008BF61C /* WeFavorPatient.m */,
			);
			name = User;
			sourceTree = "<group>";
		};
		906F4DF619761FC3007807FE /* Framework */ = {
			isa = PBXGroup;
			children = (
				9026EFB6191471C400CE4A7A /* PAImageView */,
				9026EE0C1904A61300CE4A7A /* VPImageCropper */,
				900E291D1929AFBB008BF61C /* VoiceConvert */,
			);
			name = Framework;
			sourceTree = "<group>";
		};
		906F4DF719761FDE007807FE /* ViewController */ = {
			isa = PBXGroup;
			children = (
				9039CC5C1902B40800EA8310 /* Customs */,
				9054807918FA606900CE8172 /* Register */,
				9054807A18FA68D600CE8172 /* PersonalCenter */,
				9054808618FAA57000CE8172 /* RaisePublic */,
				906F4D8E197376AC007807FE /* ConsultingRoom */,
			);
			name = ViewController;
			sourceTree = "<group>";
		};
		907FE5A31902518B0070DB3E /* BusinessSetting */ = {
			isa = PBXGroup;
			children = (
				907FE5A4190252580070DB3E /* WePecBusViewController.h */,
				907FE5A5190252580070DB3E /* WePecBusViewController.m */,
				9026EDF01903EEC800CE4A7A /* WePecWkpAddNavController.h */,
				9026EDF11903EEC800CE4A7A /* WePecWkpAddNavController.m */,
				9026EDEA1903EE9400CE4A7A /* WePecWkpAddViewController.h */,
				9026EDEB1903EE9400CE4A7A /* WePecWkpAddViewController.m */,
				9026EDED1903EEAD00CE4A7A /* WePecWkpModViewController.h */,
				9026EDEE1903EEAD00CE4A7A /* WePecWkpModViewController.m */,
				9026EDF31904051600CE4A7A /* WeSelDayViewController.h */,
				9026EDF41904051600CE4A7A /* WeSelDayViewController.m */,
				9026EDF61904052D00CE4A7A /* WeSelPerViewController.h */,
				9026EDF71904052D00CE4A7A /* WeSelPerViewController.m */,
				9026EDF91904053C00CE4A7A /* WeSelTypViewController.h */,
				9026EDFA1904053C00CE4A7A /* WeSelTypViewController.m */,
			);
			name = BusinessSetting;
			sourceTree = "<group>";
		};
		909E3C6D1901AF0C00ADC2E9 /* CareerInformation */ = {
			isa = PBXGroup;
			children = (
				9054808718FAC28700CE8172 /* WePecCaiViewController.h */,
				9054808818FAC28700CE8172 /* WePecCaiViewController.m */,
				9026EFAD1912E3BA00CE4A7A /* WeSelHosViewController.h */,
				9026EFAE1912E3BA00CE4A7A /* WeSelHosViewController.m */,
				9026EFB019143BA500CE4A7A /* WeSelSecViewController.h */,
				9026EFB119143BA500CE4A7A /* WeSelSecViewController.m */,
				9026EFB3191447FB00CE4A7A /* WeSelTilViewController.h */,
				9026EFB4191447FB00CE4A7A /* WeSelTilViewController.m */,
				909E3C611901661400ADC2E9 /* WePecCtfViewController.h */,
				909E3C621901661400ADC2E9 /* WePecCtfViewController.m */,
				909E3C641901662F00ADC2E9 /* WePecVctfViewController.h */,
				909E3C651901662F00ADC2E9 /* WePecVctfViewController.m */,
				9026EE0619049E7400CE4A7A /* WePecCaiWkpViewController.h */,
				9026EE0719049E7400CE4A7A /* WePecCaiWkpViewController.m */,
				9026EE0319049E5700CE4A7A /* WePecCaiGriViewController.h */,
				9026EE0419049E5700CE4A7A /* WePecCaiGriViewController.m */,
				9026EFBD1914AC1900CE4A7A /* WeInpSkiViewController.h */,
				9026EFBE1914AC1900CE4A7A /* WeInpSkiViewController.m */,
				9026EFC01914AC2C00CE4A7A /* WeSelDegViewController.h */,
				9026EFC11914AC2C00CE4A7A /* WeSelDegViewController.m */,
				9026EFC31914AC3E00CE4A7A /* WeInpEmaViewController.h */,
				9026EFC41914AC3E00CE4A7A /* WeInpEmaViewController.m */,
			);
			name = CareerInformation;
			sourceTree = "<group>";
		};
		909E3C6E1901AF4300ADC2E9 /* Experience */ = {
			isa = PBXGroup;
			children = (
				909E3C671901A89900ADC2E9 /* WePecExpViewController.h */,
				909E3C681901A89900ADC2E9 /* WePecExpViewController.m */,
				909E3C791901B43B00ADC2E9 /* WePecExpAddNavController.h */,
				909E3C7A1901B43B00ADC2E9 /* WePecExpAddNavController.m */,
				909E3C6F1901B05E00ADC2E9 /* WePecExpAddViewController.h */,
				909E3C701901B05E00ADC2E9 /* WePecExpAddViewController.m */,
				909E3C761901B0B800ADC2E9 /* WePecExpModViewController.h */,
				909E3C771901B0B800ADC2E9 /* WePecExpModViewController.m */,
			);
			name = Experience;
			sourceTree = "<group>";
		};
		90B4AC41196D1D2D006E60CE /* Funding */ = {
			isa = PBXGroup;
			children = (
				90B4AC42196D1D39006E60CE /* WeFunding.h */,
				90B4AC43196D1D39006E60CE /* WeFunding.m */,
				90B4AC44196D1D39006E60CE /* WeFundingLevel.h */,
				90B4AC45196D1D39006E60CE /* WeFundingLevel.m */,
				90B4AC46196D1D39006E60CE /* WeFundingSupport.h */,
				90B4AC47196D1D39006E60CE /* WeFundingSupport.m */,
			);
			name = Funding;
			sourceTree = "<group>";
		};
/* End PBXGroup section */

/* Begin PBXNativeTarget section */
		904F7A2E18F0F146000CB41B /* We_Doc */ = {
			isa = PBXNativeTarget;
			buildConfigurationList = 904F7A6118F0F146000CB41B /* Build configuration list for PBXNativeTarget "We_Doc" */;
			buildPhases = (
				C2ED290593FE45B9B9A486DD /* Check Pods Manifest.lock */,
				904F7A2B18F0F146000CB41B /* Sources */,
				904F7A2C18F0F146000CB41B /* Frameworks */,
				904F7A2D18F0F146000CB41B /* Resources */,
				6BCD76B321014EC28E2AE512 /* Copy Pods Resources */,
			);
			buildRules = (
			);
			dependencies = (
			);
			name = We_Doc;
			productName = We_Doc;
			productReference = 904F7A2F18F0F146000CB41B /* We_Doc.app */;
			productType = "com.apple.product-type.application";
		};
		904F7A4F18F0F146000CB41B /* We_DocTests */ = {
			isa = PBXNativeTarget;
			buildConfigurationList = 904F7A6418F0F146000CB41B /* Build configuration list for PBXNativeTarget "We_DocTests" */;
			buildPhases = (
				904F7A4C18F0F146000CB41B /* Sources */,
				904F7A4D18F0F146000CB41B /* Frameworks */,
				904F7A4E18F0F146000CB41B /* Resources */,
			);
			buildRules = (
			);
			dependencies = (
				904F7A5618F0F146000CB41B /* PBXTargetDependency */,
			);
			name = We_DocTests;
			productName = We_DocTests;
			productReference = 904F7A5018F0F146000CB41B /* We_DocTests.xctest */;
			productType = "com.apple.product-type.bundle.unit-test";
		};
/* End PBXNativeTarget section */

/* Begin PBXProject section */
		904F7A2718F0F146000CB41B /* Project object */ = {
			isa = PBXProject;
			attributes = {
				CLASSPREFIX = We;
				LastUpgradeCheck = 0510;
				ORGANIZATIONNAME = "___PKU___";
				TargetAttributes = {
					904F7A2E18F0F146000CB41B = {
						DevelopmentTeam = 7C2GR9EG83;
					};
					904F7A4F18F0F146000CB41B = {
						TestTargetID = 904F7A2E18F0F146000CB41B;
					};
				};
			};
			buildConfigurationList = 904F7A2A18F0F146000CB41B /* Build configuration list for PBXProject "We_Doc" */;
			compatibilityVersion = "Xcode 3.2";
			developmentRegion = English;
			hasScannedForEncodings = 0;
			knownRegions = (
				en,
				Base,
			);
			mainGroup = 904F7A2618F0F146000CB41B;
			productRefGroup = 904F7A3018F0F146000CB41B /* Products */;
			projectDirPath = "";
			projectRoot = "";
			targets = (
				904F7A2E18F0F146000CB41B /* We_Doc */,
				904F7A4F18F0F146000CB41B /* We_DocTests */,
			);
		};
/* End PBXProject section */

/* Begin PBXResourcesBuildPhase section */
		904F7A2D18F0F146000CB41B /* Resources */ = {
			isa = PBXResourcesBuildPhase;
			buildActionMask = 2147483647;
			files = (
				904F7A4B18F0F146000CB41B /* Images.xcassets in Resources */,
				904F7A3D18F0F146000CB41B /* InfoPlist.strings in Resources */,
				904F7A4618F0F146000CB41B /* Main.storyboard in Resources */,
			);
			runOnlyForDeploymentPostprocessing = 0;
		};
		904F7A4E18F0F146000CB41B /* Resources */ = {
			isa = PBXResourcesBuildPhase;
			buildActionMask = 2147483647;
			files = (
				904F7A5C18F0F146000CB41B /* InfoPlist.strings in Resources */,
			);
			runOnlyForDeploymentPostprocessing = 0;
		};
/* End PBXResourcesBuildPhase section */

/* Begin PBXShellScriptBuildPhase section */
		6BCD76B321014EC28E2AE512 /* Copy Pods Resources */ = {
			isa = PBXShellScriptBuildPhase;
			buildActionMask = 2147483647;
			files = (
			);
			inputPaths = (
			);
			name = "Copy Pods Resources";
			outputPaths = (
			);
			runOnlyForDeploymentPostprocessing = 0;
			shellPath = /bin/sh;
			shellScript = "\"${SRCROOT}/Pods/Pods-resources.sh\"\n";
			showEnvVarsInLog = 0;
		};
		C2ED290593FE45B9B9A486DD /* Check Pods Manifest.lock */ = {
			isa = PBXShellScriptBuildPhase;
			buildActionMask = 2147483647;
			files = (
			);
			inputPaths = (
			);
			name = "Check Pods Manifest.lock";
			outputPaths = (
			);
			runOnlyForDeploymentPostprocessing = 0;
			shellPath = /bin/sh;
			shellScript = "diff \"${PODS_ROOT}/../Podfile.lock\" \"${PODS_ROOT}/Manifest.lock\" > /dev/null\nif [[ $? != 0 ]] ; then\n    cat << EOM\nerror: The sandbox is not in sync with the Podfile.lock. Run 'pod install' or update your CocoaPods installation.\nEOM\n    exit 1\nfi\n";
			showEnvVarsInLog = 0;
		};
/* End PBXShellScriptBuildPhase section */

/* Begin PBXSourcesBuildPhase section */
		904F7A2B18F0F146000CB41B /* Sources */ = {
			isa = PBXSourcesBuildPhase;
			buildActionMask = 2147483647;
			files = (
				9054808918FAC28700CE8172 /* WePecCaiViewController.m in Sources */,
				90B4AC64196D1D6A006E60CE /* WeSPViewController.m in Sources */,
				9026EFB5191447FB00CE4A7A /* WeSelTilViewController.m in Sources */,
				9026EFC51914AC3E00CE4A7A /* WeInpEmaViewController.m in Sources */,
				90B4AC6A196D1D6A006E60CE /* WeInfoedButton.m in Sources */,
				9026EDEF1903EEAD00CE4A7A /* WePecWkpModViewController.m in Sources */,
				90B4AC3F196D1CF4006E60CE /* WeFunSupViewController.m in Sources */,
				900E29321929AFBB008BF61C /* VoiceConverter.mm in Sources */,
				9026EFC21914AC2C00CE4A7A /* WeSelDegViewController.m in Sources */,
				900E28E919292C55008BF61C /* WeFavorDoctor.m in Sources */,
				90B4AC49196D1D39006E60CE /* WeFundingLevel.m in Sources */,
				906F4D9719738AB2007807FE /* WeConsultDetailViewController.m in Sources */,
				90B4AC69196D1D6A006E60CE /* WeImageButton.m in Sources */,
				900E28E819292C55008BF61C /* WeDoctor.m in Sources */,
				900E28E719292C55008BF61C /* WeUser.m in Sources */,
				90B4AC67196D1D6A006E60CE /* WeTabBarViewController.m in Sources */,
				9026EFB219143BA500CE4A7A /* WeSelSecViewController.m in Sources */,
				904F7A4318F0F146000CB41B /* WeAppDelegate.m in Sources */,
				9026EDFF19044B9000CE4A7A /* WePecPeaViewController.m in Sources */,
				90B4AC6E196D1D6A006E60CE /* WeParagraphModifyViewController.m in Sources */,
				9026EDFB1904053C00CE4A7A /* WeSelTypViewController.m in Sources */,
				9054807D18FA6A2900CE8172 /* WePecIdxViewController.m in Sources */,
				904F7A3F18F0F146000CB41B /* main.m in Sources */,
				90B4AC65196D1D6A006E60CE /* WeViewController.m in Sources */,
				900E28EA19292C55008BF61C /* WeMessage.m in Sources */,
				9026EFBF1914AC1900CE4A7A /* WeInpSkiViewController.m in Sources */,
				9026EDEC1903EE9400CE4A7A /* WePecWkpAddViewController.m in Sources */,
				9026EFBC191473D900CE4A7A /* WeInpNamViewController.m in Sources */,
				9026EE021904536300CE4A7A /* WeSelGenViewController.m in Sources */,
				909E3C631901661400ADC2E9 /* WePecCtfViewController.m in Sources */,
				90B4AC78196D1DA0006E60CE /* WeRegIpnViewController.m in Sources */,
				9026EE0819049E7400CE4A7A /* WePecCaiWkpViewController.m in Sources */,
				909E3C661901662F00ADC2E9 /* WePecVctfViewController.m in Sources */,
				90B4AC3D196D1CF4006E60CE /* WeFunDetViewController.m in Sources */,
				906F4D9C19738D20007807FE /* WeConsult.m in Sources */,
				90B4AC77196D1DA0006E60CE /* WeRegWlcViewController.m in Sources */,
				9026EFAF1912E3BA00CE4A7A /* WeSelHosViewController.m in Sources */,
				9026EDF51904051600CE4A7A /* WeSelDayViewController.m in Sources */,
				9026EDF81904052D00CE4A7A /* WeSelPerViewController.m in Sources */,
				907FE5A219023E7D0070DB3E /* WePecNotViewController.m in Sources */,
				90B4AC6B196D1D6A006E60CE /* WeInfoedTextField.m in Sources */,
				90B4AC63196D1D6A006E60CE /* WeTableViewCell.m in Sources */,
				909E3C781901B0B800ADC2E9 /* WePecExpModViewController.m in Sources */,
				9054808018FA6A5A00CE8172 /* WePecNavViewController.m in Sources */,
				909E3C7B1901B43B00ADC2E9 /* WePecExpAddNavController.m in Sources */,
				90B4AC6C196D1D6A006E60CE /* WeImageViewerViewController.m in Sources */,
				90B4AC6D196D1D6A006E60CE /* WeSentenceModifyViewController.m in Sources */,
				90B4AC3C196D1CF4006E60CE /* WeFunIdxViewController.m in Sources */,
				907FE5A6190252580070DB3E /* WePecBusViewController.m in Sources */,
				90B4AC66196D1D6A006E60CE /* WeNavViewController.m in Sources */,
				90B4AC3E196D1CF4006E60CE /* WeFunDesViewController.m in Sources */,
				90B4AC68196D1D6A006E60CE /* WeToolButton.m in Sources */,
				900E28F0192940E6008BF61C /* WeFavorPatient.m in Sources */,
				9026EDF21903EEC800CE4A7A /* WePecWkpAddNavController.m in Sources */,
				900E292F1929AFBB008BF61C /* wav.mm in Sources */,
				9026EE0B1904A60700CE4A7A /* VPImageCropperViewController.m in Sources */,
				909E3C691901A89900ADC2E9 /* WePecExpViewController.m in Sources */,
				9026EE0519049E5700CE4A7A /* WePecCaiGriViewController.m in Sources */,
				909E3C711901B05E00ADC2E9 /* WePecExpAddViewController.m in Sources */,
				90B4AC4A196D1D39006E60CE /* WeFundingSupport.m in Sources */,
				906F4D94197376CC007807FE /* WeCsrCtrViewController.m in Sources */,
				906F4DE11973F194007807FE /* WeOrder.m in Sources */,
				90B4AC7A196D1DA0006E60CE /* WeRegIrpViewController.m in Sources */,
				9026EFB9191471C400CE4A7A /* PAImageView.m in Sources */,
				900E28ED19294070008BF61C /* WePatient.m in Sources */,
				906F4D93197376CC007807FE /* WeCsrIdxViewController.m in Sources */,
				90B4AC79196D1DA0006E60CE /* WeRegIvcViewController.m in Sources */,
				900E292E1929AFBB008BF61C /* amrFileCodec.mm in Sources */,
				90B4AC48196D1D39006E60CE /* WeFunding.m in Sources */,
			);
			runOnlyForDeploymentPostprocessing = 0;
		};
		904F7A4C18F0F146000CB41B /* Sources */ = {
			isa = PBXSourcesBuildPhase;
			buildActionMask = 2147483647;
			files = (
				904F7A5E18F0F146000CB41B /* We_DocTests.m in Sources */,
			);
			runOnlyForDeploymentPostprocessing = 0;
		};
/* End PBXSourcesBuildPhase section */

/* Begin PBXTargetDependency section */
		904F7A5618F0F146000CB41B /* PBXTargetDependency */ = {
			isa = PBXTargetDependency;
			target = 904F7A2E18F0F146000CB41B /* We_Doc */;
			targetProxy = 904F7A5518F0F146000CB41B /* PBXContainerItemProxy */;
		};
/* End PBXTargetDependency section */

/* Begin PBXVariantGroup section */
		904F7A3B18F0F146000CB41B /* InfoPlist.strings */ = {
			isa = PBXVariantGroup;
			children = (
				904F7A3C18F0F146000CB41B /* en */,
			);
			name = InfoPlist.strings;
			sourceTree = "<group>";
		};
		904F7A4418F0F146000CB41B /* Main.storyboard */ = {
			isa = PBXVariantGroup;
			children = (
				904F7A4518F0F146000CB41B /* Base */,
			);
			name = Main.storyboard;
			sourceTree = "<group>";
		};
		904F7A5A18F0F146000CB41B /* InfoPlist.strings */ = {
			isa = PBXVariantGroup;
			children = (
				904F7A5B18F0F146000CB41B /* en */,
			);
			name = InfoPlist.strings;
			sourceTree = "<group>";
		};
/* End PBXVariantGroup section */

/* Begin XCBuildConfiguration section */
		904F7A5F18F0F146000CB41B /* Debug */ = {
			isa = XCBuildConfiguration;
			buildSettings = {
				ALWAYS_SEARCH_USER_PATHS = NO;
				CLANG_CXX_LANGUAGE_STANDARD = "gnu++0x";
				CLANG_CXX_LIBRARY = "libc++";
				CLANG_ENABLE_MODULES = YES;
				CLANG_ENABLE_OBJC_ARC = YES;
				CLANG_WARN_BOOL_CONVERSION = YES;
				CLANG_WARN_CONSTANT_CONVERSION = YES;
				CLANG_WARN_DIRECT_OBJC_ISA_USAGE = YES_ERROR;
				CLANG_WARN_EMPTY_BODY = YES;
				CLANG_WARN_ENUM_CONVERSION = YES;
				CLANG_WARN_INT_CONVERSION = YES;
				CLANG_WARN_OBJC_ROOT_CLASS = YES_ERROR;
				CLANG_WARN__DUPLICATE_METHOD_MATCH = YES;
				"CODE_SIGN_IDENTITY[sdk=iphoneos*]" = "iPhone Developer";
				COPY_PHASE_STRIP = NO;
				GCC_C_LANGUAGE_STANDARD = gnu99;
				GCC_DYNAMIC_NO_PIC = NO;
				GCC_OPTIMIZATION_LEVEL = 0;
				GCC_PREPROCESSOR_DEFINITIONS = (
					"DEBUG=1",
					"$(inherited)",
				);
				GCC_SYMBOLS_PRIVATE_EXTERN = NO;
				GCC_WARN_64_TO_32_BIT_CONVERSION = YES;
				GCC_WARN_ABOUT_RETURN_TYPE = YES_ERROR;
				GCC_WARN_UNDECLARED_SELECTOR = YES;
				GCC_WARN_UNINITIALIZED_AUTOS = YES_AGGRESSIVE;
				GCC_WARN_UNUSED_FUNCTION = YES;
				GCC_WARN_UNUSED_VARIABLE = YES;
				IPHONEOS_DEPLOYMENT_TARGET = 7.1;
				ONLY_ACTIVE_ARCH = YES;
				SDKROOT = iphoneos;
			};
			name = Debug;
		};
		904F7A6018F0F146000CB41B /* Release */ = {
			isa = XCBuildConfiguration;
			buildSettings = {
				ALWAYS_SEARCH_USER_PATHS = NO;
				CLANG_CXX_LANGUAGE_STANDARD = "gnu++0x";
				CLANG_CXX_LIBRARY = "libc++";
				CLANG_ENABLE_MODULES = YES;
				CLANG_ENABLE_OBJC_ARC = YES;
				CLANG_WARN_BOOL_CONVERSION = YES;
				CLANG_WARN_CONSTANT_CONVERSION = YES;
				CLANG_WARN_DIRECT_OBJC_ISA_USAGE = YES_ERROR;
				CLANG_WARN_EMPTY_BODY = YES;
				CLANG_WARN_ENUM_CONVERSION = YES;
				CLANG_WARN_INT_CONVERSION = YES;
				CLANG_WARN_OBJC_ROOT_CLASS = YES_ERROR;
				CLANG_WARN__DUPLICATE_METHOD_MATCH = YES;
				"CODE_SIGN_IDENTITY[sdk=iphoneos*]" = "iPhone Developer";
				COPY_PHASE_STRIP = YES;
				ENABLE_NS_ASSERTIONS = NO;
				GCC_C_LANGUAGE_STANDARD = gnu99;
				GCC_WARN_64_TO_32_BIT_CONVERSION = YES;
				GCC_WARN_ABOUT_RETURN_TYPE = YES_ERROR;
				GCC_WARN_UNDECLARED_SELECTOR = YES;
				GCC_WARN_UNINITIALIZED_AUTOS = YES_AGGRESSIVE;
				GCC_WARN_UNUSED_FUNCTION = YES;
				GCC_WARN_UNUSED_VARIABLE = YES;
				IPHONEOS_DEPLOYMENT_TARGET = 7.1;
				SDKROOT = iphoneos;
				VALIDATE_PRODUCT = YES;
			};
			name = Release;
		};
		904F7A6218F0F146000CB41B /* Debug */ = {
			isa = XCBuildConfiguration;
			baseConfigurationReference = 2C4C0E4422684F3590DC7997 /* Pods.xcconfig */;
			buildSettings = {
				ASSETCATALOG_COMPILER_APPICON_NAME = AppIcon;
				ASSETCATALOG_COMPILER_LAUNCHIMAGE_NAME = LaunchImage;
				CODE_SIGN_IDENTITY = "iPhone Developer";
				"CODE_SIGN_IDENTITY[sdk=iphoneos*]" = "iPhone Developer";
				GCC_PRECOMPILE_PREFIX_HEADER = YES;
				GCC_PREFIX_HEADER = "We_Doc/We_Doc-Prefix.pch";
				INFOPLIST_FILE = "We_Doc/We_Doc-Info.plist";
				IPHONEOS_DEPLOYMENT_TARGET = 7.0;
				LIBRARY_SEARCH_PATHS = (
					"$(inherited)",
					"$(PROJECT_DIR)/We_Doc/VoiceConvert/lib",
					"$(PROJECT_DIR)/We_Doc/arm/lib",
					"$(PROJECT_DIR)/We_Doc/arm/VoiceConvert/lib",
				);
				PRODUCT_NAME = "$(TARGET_NAME)";
				PROVISIONING_PROFILE = "";
				TARGETED_DEVICE_FAMILY = 1;
				WRAPPER_EXTENSION = app;
			};
			name = Debug;
		};
		904F7A6318F0F146000CB41B /* Release */ = {
			isa = XCBuildConfiguration;
			baseConfigurationReference = 2C4C0E4422684F3590DC7997 /* Pods.xcconfig */;
			buildSettings = {
				ASSETCATALOG_COMPILER_APPICON_NAME = AppIcon;
				ASSETCATALOG_COMPILER_LAUNCHIMAGE_NAME = LaunchImage;
				CODE_SIGN_IDENTITY = "iPhone Developer";
				"CODE_SIGN_IDENTITY[sdk=iphoneos*]" = "iPhone Developer";
				GCC_PRECOMPILE_PREFIX_HEADER = YES;
				GCC_PREFIX_HEADER = "We_Doc/We_Doc-Prefix.pch";
				INFOPLIST_FILE = "We_Doc/We_Doc-Info.plist";
				IPHONEOS_DEPLOYMENT_TARGET = 7.0;
				LIBRARY_SEARCH_PATHS = (
					"$(inherited)",
					"$(PROJECT_DIR)/We_Doc/VoiceConvert/lib",
					"$(PROJECT_DIR)/We_Doc/arm/lib",
					"$(PROJECT_DIR)/We_Doc/arm/VoiceConvert/lib",
				);
				PRODUCT_NAME = "$(TARGET_NAME)";
				PROVISIONING_PROFILE = "";
				TARGETED_DEVICE_FAMILY = 1;
				WRAPPER_EXTENSION = app;
			};
			name = Release;
		};
		904F7A6518F0F146000CB41B /* Debug */ = {
			isa = XCBuildConfiguration;
			buildSettings = {
				BUNDLE_LOADER = "$(BUILT_PRODUCTS_DIR)/We_Doc.app/We_Doc";
				FRAMEWORK_SEARCH_PATHS = (
					"$(SDKROOT)/Developer/Library/Frameworks",
					"$(inherited)",
					"$(DEVELOPER_FRAMEWORKS_DIR)",
				);
				GCC_PRECOMPILE_PREFIX_HEADER = YES;
				GCC_PREFIX_HEADER = "We_Doc/We_Doc-Prefix.pch";
				GCC_PREPROCESSOR_DEFINITIONS = (
					"DEBUG=1",
					"$(inherited)",
				);
				INFOPLIST_FILE = "We_DocTests/We_DocTests-Info.plist";
				PRODUCT_NAME = "$(TARGET_NAME)";
				TEST_HOST = "$(BUNDLE_LOADER)";
				WRAPPER_EXTENSION = xctest;
			};
			name = Debug;
		};
		904F7A6618F0F146000CB41B /* Release */ = {
			isa = XCBuildConfiguration;
			buildSettings = {
				BUNDLE_LOADER = "$(BUILT_PRODUCTS_DIR)/We_Doc.app/We_Doc";
				FRAMEWORK_SEARCH_PATHS = (
					"$(SDKROOT)/Developer/Library/Frameworks",
					"$(inherited)",
					"$(DEVELOPER_FRAMEWORKS_DIR)",
				);
				GCC_PRECOMPILE_PREFIX_HEADER = YES;
				GCC_PREFIX_HEADER = "We_Doc/We_Doc-Prefix.pch";
				INFOPLIST_FILE = "We_DocTests/We_DocTests-Info.plist";
				PRODUCT_NAME = "$(TARGET_NAME)";
				TEST_HOST = "$(BUNDLE_LOADER)";
				WRAPPER_EXTENSION = xctest;
			};
			name = Release;
		};
/* End XCBuildConfiguration section */

/* Begin XCConfigurationList section */
		904F7A2A18F0F146000CB41B /* Build configuration list for PBXProject "We_Doc" */ = {
			isa = XCConfigurationList;
			buildConfigurations = (
				904F7A5F18F0F146000CB41B /* Debug */,
				904F7A6018F0F146000CB41B /* Release */,
			);
			defaultConfigurationIsVisible = 0;
			defaultConfigurationName = Release;
		};
		904F7A6118F0F146000CB41B /* Build configuration list for PBXNativeTarget "We_Doc" */ = {
			isa = XCConfigurationList;
			buildConfigurations = (
				904F7A6218F0F146000CB41B /* Debug */,
				904F7A6318F0F146000CB41B /* Release */,
			);
			defaultConfigurationIsVisible = 0;
			defaultConfigurationName = Release;
		};
		904F7A6418F0F146000CB41B /* Build configuration list for PBXNativeTarget "We_DocTests" */ = {
			isa = XCConfigurationList;
			buildConfigurations = (
				904F7A6518F0F146000CB41B /* Debug */,
				904F7A6618F0F146000CB41B /* Release */,
			);
			defaultConfigurationIsVisible = 0;
			defaultConfigurationName = Release;
		};
/* End XCConfigurationList section */
	};
	rootObject = 904F7A2718F0F146000CB41B /* Project object */;
}
